{
  "nodes": {
    "agent-source": {
      "flake": false,
      "locked": {
        "lastModified": 1781333143,
        "narHash": "sha256-PRQMNPfRFCOSaPU9h1BbF4VusGU703n+zb0z7SjrXlk=",
        "owner": "LiGoldragon",
        "repo": "agent",
        "rev": "dc5cf888344b3c448090dec08a70ed9337cf62e2",
        "type": "github"
      },
      "original": {
        "owner": "LiGoldragon",
        "repo": "agent",
        "type": "github"
      }
    },
    "crane": {
      "locked": {
        "lastModified": 1777830388,
        "narHash": "sha256-2uoQAqUk2H0ijQtGiWAyNeQYGYc6yfAcRRLlJAz4Gp8=",
        "owner": "ipetkov",
        "repo": "crane",
        "rev": "d459c1350e96ce1a7e3859c513ef5e9869d67d6f",
        "type": "github"
      },
      "original": {
        "owner": "ipetkov",
        "repo": "crane",
        "type": "github"
      }
    },
    "crane_2": {
      "locked": {
        "lastModified": 1778106249,
        "narHash": "sha256-cM/AuKy5tMhwOOQIbha8ZRRMHVfNf7cv2aljIw+qoCg=",
        "owner": "ipetkov",
        "repo": "crane",
        "rev": "6d015ea29630b7ad2402841386da2cb617a470a7",
        "type": "github"
      },
      "original": {
        "owner": "ipetkov",
        "repo": "crane",
        "type": "github"
      }
    },
    "crane_3": {
      "locked": {
        "lastModified": 1777830388,
        "narHash": "sha256-2uoQAqUk2H0ijQtGiWAyNeQYGYc6yfAcRRLlJAz4Gp8=",
        "owner": "ipetkov",
        "repo": "crane",
        "rev": "d459c1350e96ce1a7e3859c513ef5e9869d67d6f",
        "type": "github"
      },
      "original": {
        "owner": "ipetkov",
        "repo": "crane",
        "type": "github"
      }
    },
    "crane_4": {
      "locked": {
        "lastModified": 1780532242,
        "narHash": "sha256-D+BsdpxmtUwtqGoY0IXPhHgTlmqgcZKCEo1oMyn7ep0=",
        "owner": "ipetkov",
        "repo": "crane",
        "rev": "59a82a1222dd3b2080b5cc52a1a2e8d5f1b77f37",
        "type": "github"
      },
      "original": {
        "owner": "ipetkov",
        "repo": "crane",
        "type": "github"
      }
    },
    "crane_5": {
      "locked": {
        "lastModified": 1778106249,
        "narHash": "sha256-cM/AuKy5tMhwOOQIbha8ZRRMHVfNf7cv2aljIw+qoCg=",
        "owner": "ipetkov",
        "repo": "crane",
        "rev": "6d015ea29630b7ad2402841386da2cb617a470a7",
        "type": "github"
      },
      "original": {
        "owner": "ipetkov",
        "repo": "crane",
        "type": "github"
      }
    },
    "crane_6": {
      "locked": {
        "lastModified": 1778106249,
        "narHash": "sha256-cM/AuKy5tMhwOOQIbha8ZRRMHVfNf7cv2aljIw+qoCg=",
        "owner": "ipetkov",
        "repo": "crane",
        "rev": "6d015ea29630b7ad2402841386da2cb617a470a7",
        "type": "github"
      },
      "original": {
        "owner": "ipetkov",
        "repo": "crane",
        "type": "github"
      }
    },
    "fenix": {
      "inputs": {
        "nixpkgs": [
          "nixpkgs"
        ],
        "rust-analyzer-src": "rust-analyzer-src"
      },
      "locked": {
        "lastModified": 1782900513,
        "narHash": "sha256-GHrsl1+ysDFgmDQtQSqWS7TiYD2Q58VlwLvnf1+crJM=",
        "owner": "nix-community",
        "repo": "fenix",
        "rev": "16810aa8f4ad89ca480b1513774e8b6f485fe368",
        "type": "github"
      },
      "original": {
        "owner": "nix-community",
        "repo": "fenix",
        "type": "github"
      }
    },
    "fenix_2": {
      "inputs": {
        "nixpkgs": [
          "mind",
          "nixpkgs"
        ],
        "rust-analyzer-src": "rust-analyzer-src_2"
      },
      "locked": {
        "lastModified": 1782900513,
        "narHash": "sha256-GHrsl1+ysDFgmDQtQSqWS7TiYD2Q58VlwLvnf1+crJM=",
        "owner": "nix-community",
        "repo": "fenix",
        "rev": "16810aa8f4ad89ca480b1513774e8b6f485fe368",
        "type": "github"
      },
      "original": {
        "owner": "nix-community",
        "repo": "fenix",
        "type": "github"
      }
    },
    "fenix_3": {
      "inputs": {
        "nixpkgs": [
          "persona-message",
          "nixpkgs"
        ],
        "rust-analyzer-src": "rust-analyzer-src_3"
      },
      "locked": {
        "lastModified": 1781901863,
        "narHash": "sha256-B3GatmIZGQCnJkYoes3a5OqsMNexf0PO3fpeDJDZND4=",
        "owner": "nix-community",
        "repo": "fenix",
        "rev": "6914a98b7864cb3ef33cb0a2581f8aed3d354e48",
        "type": "github"
      },
      "original": {
        "owner": "nix-community",
        "repo": "fenix",
        "type": "github"
      }
    },
    "fenix_4": {
      "inputs": {
        "nixpkgs": [
          "persona-orchestrate",
          "rust-build",
          "nixpkgs"
        ],
        "rust-analyzer-src": "rust-analyzer-src_4"
      },
      "locked": {
        "lastModified": 1781901863,
        "narHash": "sha256-B3GatmIZGQCnJkYoes3a5OqsMNexf0PO3fpeDJDZND4=",
        "owner": "nix-community",
        "repo": "fenix",
        "rev": "6914a98b7864cb3ef33cb0a2581f8aed3d354e48",
        "type": "github"
      },
      "original": {
        "owner": "nix-community",
        "repo": "fenix",
        "type": "github"
      }
    },
    "fenix_5": {
      "inputs": {
        "nixpkgs": [
          "persona-router",
          "nixpkgs"
        ],
        "rust-analyzer-src": "rust-analyzer-src_5"
      },
      "locked": {
        "lastModified": 1781901863,
        "narHash": "sha256-B3GatmIZGQCnJkYoes3a5OqsMNexf0PO3fpeDJDZND4=",
        "owner": "nix-community",
        "repo": "fenix",
        "rev": "6914a98b7864cb3ef33cb0a2581f8aed3d354e48",
        "type": "github"
      },
      "original": {
        "owner": "nix-community",
        "repo": "fenix",
        "type": "github"
      }
    },
    "fenix_6": {
      "inputs": {
        "nixpkgs": [
          "persona-terminal",
          "nixpkgs"
        ],
        "rust-analyzer-src": "rust-analyzer-src_6"
      },
      "locked": {
        "lastModified": 1782900513,
        "narHash": "sha256-GHrsl1+ysDFgmDQtQSqWS7TiYD2Q58VlwLvnf1+crJM=",
        "owner": "nix-community",
        "repo": "fenix",
        "rev": "16810aa8f4ad89ca480b1513774e8b6f485fe368",
        "type": "github"
      },
      "original": {
        "owner": "nix-community",
        "repo": "fenix",
        "type": "github"
      }
    },
    "flake-utils": {
      "inputs": {
        "systems": "systems"
      },
      "locked": {
        "lastModified": 1731533236,
        "narHash": "sha256-l0KFg5HjrsfsO/JpG+r7fRrqm12kzFHyUHqHCVpMMbI=",
        "owner": "numtide",
        "repo": "flake-utils",
        "rev": "11707dc2f618dd54ca8739b309ec4fc024de578b",
        "type": "github"
      },
      "original": {
        "owner": "numtide",
        "repo": "flake-utils",
        "type": "github"
      }
    },
    "flake-utils_10": {
      "inputs": {
        "systems": "systems_10"
      },
      "locked": {
        "lastModified": 1731533236,
        "narHash": "sha256-l0KFg5HjrsfsO/JpG+r7fRrqm12kzFHyUHqHCVpMMbI=",
        "owner": "numtide",
        "repo": "flake-utils",
        "rev": "11707dc2f618dd54ca8739b309ec4fc024de578b",
        "type": "github"
      },
      "original": {
        "owner": "numtide",
        "repo": "flake-utils",
        "type": "github"
      }
    },
    "flake-utils_11": {
      "inputs": {
        "systems": "systems_11"
      },
      "locked": {
        "lastModified": 1731533236,
        "narHash": "sha256-l0KFg5HjrsfsO/JpG+r7fRrqm12kzFHyUHqHCVpMMbI=",
        "owner": "numtide",
        "repo": "flake-utils",
        "rev": "11707dc2f618dd54ca8739b309ec4fc024de578b",
        "type": "github"
      },
      "original": {
        "owner": "numtide",
        "repo": "flake-utils",
        "type": "github"
      }
    },
    "flake-utils_2": {
      "inputs": {
        "systems": "systems_2"
      },
      "locked": {
        "lastModified": 1731533236,
        "narHash": "sha256-l0KFg5HjrsfsO/JpG+r7fRrqm12kzFHyUHqHCVpMMbI=",
        "owner": "numtide",
        "repo": "flake-utils",
        "rev": "11707dc2f618dd54ca8739b309ec4fc024de578b",
        "type": "github"
      },
      "original": {
        "owner": "numtide",
        "repo": "flake-utils",
        "type": "github"
      }
    },
    "flake-utils_3": {
      "inputs": {
        "systems": "systems_3"
      },
      "locked": {
        "lastModified": 1731533236,
        "narHash": "sha256-l0KFg5HjrsfsO/JpG+r7fRrqm12kzFHyUHqHCVpMMbI=",
        "owner": "numtide",
        "repo": "flake-utils",
        "rev": "11707dc2f618dd54ca8739b309ec4fc024de578b",
        "type": "github"
      },
      "original": {
        "owner": "numtide",
        "repo": "flake-utils",
        "type": "github"
      }
    },
    "flake-utils_4": {
      "inputs": {
        "systems": "systems_4"
      },
      "locked": {
        "lastModified": 1731533236,
        "narHash": "sha256-l0KFg5HjrsfsO/JpG+r7fRrqm12kzFHyUHqHCVpMMbI=",
        "owner": "numtide",
        "repo": "flake-utils",
        "rev": "11707dc2f618dd54ca8739b309ec4fc024de578b",
        "type": "github"
      },
      "original": {
        "owner": "numtide",
        "repo": "flake-utils",
        "type": "github"
      }
    },
    "flake-utils_5": {
      "inputs": {
        "systems": "systems_5"
      },
      "locked": {
        "lastModified": 1731533236,
        "narHash": "sha256-l0KFg5HjrsfsO/JpG+r7fRrqm12kzFHyUHqHCVpMMbI=",
        "owner": "numtide",
        "repo": "flake-utils",
        "rev": "11707dc2f618dd54ca8739b309ec4fc024de578b",
        "type": "github"
      },
      "original": {
        "owner": "numtide",
        "repo": "flake-utils",
        "type": "github"
      }
    },
    "flake-utils_6": {
      "inputs": {
        "systems": "systems_6"
      },
      "locked": {
        "lastModified": 1731533236,
        "narHash": "sha256-l0KFg5HjrsfsO/JpG+r7fRrqm12kzFHyUHqHCVpMMbI=",
        "owner": "numtide",
        "repo": "flake-utils",
        "rev": "11707dc2f618dd54ca8739b309ec4fc024de578b",
        "type": "github"
      },
      "original": {
        "owner": "numtide",
        "repo": "flake-utils",
        "type": "github"
      }
    },
    "flake-utils_7": {
      "inputs": {
        "systems": "systems_7"
      },
      "locked": {
        "lastModified": 1731533236,
        "narHash": "sha256-l0KFg5HjrsfsO/JpG+r7fRrqm12kzFHyUHqHCVpMMbI=",
        "owner": "numtide",
        "repo": "flake-utils",
        "rev": "11707dc2f618dd54ca8739b309ec4fc024de578b",
        "type": "github"
      },
      "original": {
        "owner": "numtide",
        "repo": "flake-utils",
        "type": "github"
      }
    },
    "flake-utils_8": {
      "inputs": {
        "systems": "systems_8"
      },
      "locked": {
        "lastModified": 1731533236,
        "narHash": "sha256-l0KFg5HjrsfsO/JpG+r7fRrqm12kzFHyUHqHCVpMMbI=",
        "owner": "numtide",
        "repo": "flake-utils",
        "rev": "11707dc2f618dd54ca8739b309ec4fc024de578b",
        "type": "github"
      },
      "original": {
        "owner": "numtide",
        "repo": "flake-utils",
        "type": "github"
      }
    },
    "flake-utils_9": {
      "inputs": {
        "systems": "systems_9"
      },
      "locked": {
        "lastModified": 1731533236,
        "narHash": "sha256-l0KFg5HjrsfsO/JpG+r7fRrqm12kzFHyUHqHCVpMMbI=",
        "owner": "numtide",
        "repo": "flake-utils",
        "rev": "11707dc2f618dd54ca8739b309ec4fc024de578b",
        "type": "github"
      },
      "original": {
        "owner": "numtide",
        "repo": "flake-utils",
        "type": "github"
      }
    },
    "meta-signal-agent-source": {
      "flake": false,
      "locked": {
        "lastModified": 1781641163,
        "narHash": "sha256-a1gRqmzaMRJbrYHC+0Ue7aRb0oEE74mX4ZrAAfNRpDo=",
        "owner": "LiGoldragon",
        "repo": "meta-signal-agent",
        "rev": "4c58b2163873736843fe4f7a68e0bd1bd5a94336",
        "type": "github"
      },
      "original": {
        "owner": "LiGoldragon",
        "repo": "meta-signal-agent",
        "type": "github"
      }
    },
    "meta-signal-persona": {
      "inputs": {
        "crane": [
          "crane"
        ],
        "fenix": [
          "fenix"
        ],
        "flake-utils": "flake-utils",
        "nixpkgs": [
          "nixpkgs"
        ]
      },
      "locked": {
        "lastModified": 1783215383,
        "narHash": "sha256-8yacSFB9cZdyjb5fkkuhq8yvA76XIJlt8u3hLLRgaR4=",
        "owner": "LiGoldragon",
        "repo": "meta-signal-persona",
        "rev": "b7a8c49764d6a2f8ea58eea9b6b8d1c631dc99ee",
        "type": "github"
      },
      "original": {
        "owner": "LiGoldragon",
        "repo": "meta-signal-persona",
        "type": "github"
      }
    },
    "meta-signal-spirit-source": {
      "flake": false,
      "locked": {
        "lastModified": 1781640483,
        "narHash": "sha256-I9b1fhh/J7V6E9irFae0D6s8jL4UdobqRjW1tzn2qJk=",
        "owner": "LiGoldragon",
        "repo": "meta-signal-spirit",
        "rev": "3283925f0ef28ebe8fa5e80819247d4db994a652",
        "type": "github"
      },
      "original": {
        "owner": "LiGoldragon",
        "repo": "meta-signal-spirit",
        "type": "github"
      }
    },
    "meta-signal-terminal": {
      "inputs": {
        "crane": [
          "crane"
        ],
        "fenix": [
          "fenix"
        ],
        "flake-utils": "flake-utils_2",
        "nixpkgs": [
          "nixpkgs"
        ]
      },
      "locked": {
        "lastModified": 1783215459,
        "narHash": "sha256-QfyJis1GFl2rtVNg+Qe0XalPUcjnnUbH0gxNllTWgkg=",
        "owner": "LiGoldragon",
        "repo": "meta-signal-terminal",
        "rev": "17dafd4a9e941b5e38e531202b7b4f5af7e74a89",
        "type": "github"
      },
      "original": {
        "owner": "LiGoldragon",
        "repo": "meta-signal-terminal",
        "type": "github"
      }
    },
    "mind": {
      "inputs": {
        "crane": "crane_2",
        "fenix": "fenix_2",
        "flake-utils": "flake-utils_3",
        "nixpkgs": "nixpkgs"
      },
      "locked": {
        "lastModified": 1783217205,
        "narHash": "sha256-psQ3X7OuC4LstYD5Q4UHPr2cjxHZFxjJ7us9NdQz2gY=",
        "owner": "LiGoldragon",
        "repo": "mind",
        "rev": "0bba8e060b91affd5f317385836287f4b32f801f",
        "type": "github"
      },
      "original": {
        "owner": "LiGoldragon",
        "repo": "mind",
        "type": "github"
      }
    },
    "nixpkgs": {
      "locked": {
        "lastModified": 1778274207,
        "narHash": "sha256-I4puXmX1iovcCHZlRmztO3vW0mAbbRvq4F8wgIMQ1MM=",
        "owner": "NixOS",
        "repo": "nixpkgs",
        "rev": "b3da656039dc7a6240f27b2ef8cc6a3ef3bccae7",
        "type": "github"
      },
      "original": {
        "owner": "NixOS",
        "ref": "nixpkgs-unstable",
        "repo": "nixpkgs",
        "type": "github"
      }
    },
    "nixpkgs_2": {
      "locked": {
        "lastModified": 1776877367,
        "narHash": "sha256-EHq1/OX139R1RvBzOJ0aMRT3xnWyqtHBRUBuO1gFzjI=",
        "owner": "LiGoldragon",
        "repo": "nixpkgs",
        "rev": "0726a0ecb6d4e08f6adced58726b95db924cef57",
        "type": "github"
      },
      "original": {
        "owner": "LiGoldragon",
        "ref": "main",
        "repo": "nixpkgs",
        "type": "github"
      }
    },
    "nixpkgs_3": {
      "locked": {
        "lastModified": 1776877367,
        "narHash": "sha256-EHq1/OX139R1RvBzOJ0aMRT3xnWyqtHBRUBuO1gFzjI=",
        "owner": "LiGoldragon",
        "repo": "nixpkgs",
        "rev": "0726a0ecb6d4e08f6adced58726b95db924cef57",
        "type": "github"
      },
      "original": {
        "owner": "LiGoldragon",
        "ref": "main",
        "repo": "nixpkgs",
        "type": "github"
      }
    },
    "nixpkgs_4": {
      "locked": {
        "lastModified": 1776877367,
        "narHash": "sha256-EHq1/OX139R1RvBzOJ0aMRT3xnWyqtHBRUBuO1gFzjI=",
        "owner": "LiGoldragon",
        "repo": "nixpkgs",
        "rev": "0726a0ecb6d4e08f6adced58726b95db924cef57",
        "type": "github"
      },
      "original": {
        "owner": "LiGoldragon",
        "ref": "main",
        "repo": "nixpkgs",
        "type": "github"
      }
    },
    "nixpkgs_5": {
      "locked": {
        "lastModified": 1776877367,
        "narHash": "sha256-EHq1/OX139R1RvBzOJ0aMRT3xnWyqtHBRUBuO1gFzjI=",
        "owner": "LiGoldragon",
        "repo": "nixpkgs",
        "rev": "0726a0ecb6d4e08f6adced58726b95db924cef57",
        "type": "github"
      },
      "original": {
        "owner": "LiGoldragon",
        "ref": "main",
        "repo": "nixpkgs",
        "type": "github"
      }
    },
    "nota-next-source": {
      "flake": false,
      "locked": {
        "lastModified": 1781619172,
        "narHash": "sha256-p9ODMhPVl5TSrNwBh9OE4oExGsHv/Johv9wez4GqBCs=",
        "owner": "LiGoldragon",
        "repo": "nota",
        "rev": "7426a6a7d60d6e37ac40df4ecc98717af58129f8",
        "type": "github"
      },
      "original": {
        "owner": "LiGoldragon",
        "repo": "nota",
        "type": "github"
      }
    },
    "persona-harness": {
      "inputs": {
        "crane": [
          "crane"
        ],
        "fenix": [
          "fenix"
        ],
        "nixpkgs": [
          "nixpkgs"
        ]
      },
      "locked": {
        "lastModified": 1783216987,
        "narHash": "sha256-c1WCtWQqED8kn7FHQo3dhGXAVsEkkyEJ2xK58K7/fc4=",
        "owner": "LiGoldragon",
        "repo": "harness",
        "rev": "f650d99c845511decb6d43dca3ef6efbee9a24c7",
        "type": "github"
      },
      "original": {
        "owner": "LiGoldragon",
        "repo": "harness",
        "type": "github"
      }
    },
    "persona-introspect": {
      "inputs": {
        "crane": [
          "crane"
        ],
        "fenix": [
          "fenix"
        ],
        "flake-utils": "flake-utils_4",
        "nixpkgs": [
          "nixpkgs"
        ]
      },
      "locked": {
        "lastModified": 1783217122,
        "narHash": "sha256-VL4iLwkX62CUEXBRjPH7qQaOTdULtBLE9SVQONoeDWs=",
        "owner": "LiGoldragon",
        "repo": "introspect",
        "rev": "4c4d8f4b4bed9d2b1f85a60482932a7309b0c7cf",
        "type": "github"
      },
      "original": {
        "owner": "LiGoldragon",
        "repo": "introspect",
        "type": "github"
      }
    },
    "persona-message": {
      "inputs": {
        "crane": "crane_3",
        "fenix": "fenix_3",
        "nixpkgs": "nixpkgs_3"
      },
      "locked": {
        "lastModified": 1783216639,
        "narHash": "sha256-j+6tkeFQjx2ab/pTGNG2qJhOU/dJ4pexhkm0fLTqDCg=",
        "owner": "LiGoldragon",
        "repo": "message",
        "rev": "f94d1ea51bc4f137dac72df2a05cd35aed1a8967",
        "type": "github"
      },
      "original": {
        "owner": "LiGoldragon",
        "repo": "message",
        "type": "github"
      }
    },
    "persona-orchestrate": {
      "inputs": {
        "flake-utils": "flake-utils_5",
        "nixpkgs": [
          "nixpkgs"
        ],
        "rust-build": "rust-build"
      },
      "locked": {
        "lastModified": 1783217320,
        "narHash": "sha256-zLjO2SALEemOaG27T6nES5MAOIU09/dDX+3F2D/k2Hc=",
        "owner": "LiGoldragon",
        "repo": "orchestrate",
        "rev": "47cbf5139106b5dd7fd1a3139cea06c211a445b0",
        "type": "github"
      },
      "original": {
        "owner": "LiGoldragon",
        "repo": "orchestrate",
        "type": "github"
      }
    },
    "persona-router": {
      "inputs": {
        "crane": "crane_5",
        "fenix": "fenix_5",
        "nixpkgs": "nixpkgs_4"
      },
      "locked": {
        "lastModified": 1783217403,
        "narHash": "sha256-K54q86zRixsarKiFnbzKsWXsSDo3jMWkIbdGD9zKvz0=",
        "owner": "LiGoldragon",
        "repo": "router",
        "rev": "e336fa48fe9fda50de05d24c7b0b6c327e7b387a",
        "type": "github"
      },
      "original": {
        "owner": "LiGoldragon",
        "repo": "router",
        "type": "github"
      }
    },
    "persona-spirit": {
      "inputs": {
        "agent-source": "agent-source",
        "crane": [
          "crane"
        ],
        "fenix": [
          "fenix"
        ],
        "flake-utils": "flake-utils_7",
        "meta-signal-agent-source": "meta-signal-agent-source",
        "meta-signal-spirit-source": "meta-signal-spirit-source",
        "nixpkgs": [
          "nixpkgs"
        ],
        "nota-next-source": "nota-next-source",
        "schema-next-source": "schema-next-source",
        "schema-rust-next-source": "schema-rust-next-source",
        "sema-engine-layout3-source": "sema-engine-layout3-source",
        "sema-engine-previous-source": "sema-engine-previous-source",
        "sema-engine-source": "sema-engine-source",
        "sema-source": "sema-source",
        "signal-agent-source": "signal-agent-source",
        "signal-frame-source": "signal-frame-source",
        "signal-sema-source": "signal-sema-source",
        "signal-spirit-source": "signal-spirit-source",
        "triad-runtime-source": "triad-runtime-source",
        "version-projection-source": "version-projection-source"
      },
      "locked": {
        "lastModified": 1783217871,
        "narHash": "sha256-2NZcBccgap/PQ3gKcvdMhEk7OVBQV9jaBYqLsgPUOuk=",
        "owner": "LiGoldragon",
        "repo": "spirit",
        "rev": "a67a63b0f6089450b77ca2fde1703a40c2cae09a",
        "type": "github"
      },
      "original": {
        "owner": "LiGoldragon",
        "repo": "spirit",
        "type": "github"
      }
    },
    "persona-system": {
      "inputs": {
        "crane": [
          "crane"
        ],
        "fenix": [
          "fenix"
        ],
        "nixpkgs": [
          "nixpkgs"
        ]
      },
      "locked": {
        "lastModified": 1783216788,
        "narHash": "sha256-EGgBOdrhu/McNpDiHkA78+0JkkC+cP7s1s+HmgCpR2I=",
        "owner": "LiGoldragon",
        "repo": "system",
        "rev": "fdfffe5f5df8e7ef77a33d745e4e74f52625386b",
        "type": "github"
      },
      "original": {
        "owner": "LiGoldragon",
        "repo": "system",
        "type": "github"
      }
    },
    "persona-terminal": {
      "inputs": {
        "crane": "crane_6",
        "fenix": "fenix_6",
        "nixpkgs": "nixpkgs_5"
      },
      "locked": {
        "lastModified": 1783216900,
        "narHash": "sha256-x5mQuF9wjjUVCeZM7wXcmRdr0jxvkjij1c5PLSHpFKw=",
        "owner": "LiGoldragon",
        "repo": "terminal",
        "rev": "e9e7cde64d9e54208bad54f99292f6a27c8a2c7c",
        "type": "github"
      },
      "original": {
        "owner": "LiGoldragon",
        "repo": "terminal",
        "type": "github"
      }
    },
    "root": {
      "inputs": {
        "crane": "crane",
        "fenix": "fenix",
        "meta-signal-persona": "meta-signal-persona",
        "meta-signal-terminal": "meta-signal-terminal",
        "mind": "mind",
        "nixpkgs": "nixpkgs_2",
        "persona-harness": "persona-harness",
        "persona-introspect": "persona-introspect",
        "persona-message": "persona-message",
        "persona-orchestrate": "persona-orchestrate",
        "persona-router": "persona-router",
        "persona-spirit": "persona-spirit",
        "persona-system": "persona-system",
        "persona-terminal": "persona-terminal",
        "signal-mind": "signal-mind",
        "signal-orchestrate": "signal-orchestrate",
        "signal-system": "signal-system",
        "signal-terminal": "signal-terminal",
        "terminal-cell": "terminal-cell"
      }
    },
    "rust-analyzer-src": {
      "flake": false,
      "locked": {
        "lastModified": 1782864348,
        "narHash": "sha256-NVYhLbaefeIUftPlo3kS6qr0xd8eFJRodEiaHrvFKR4=",
        "owner": "rust-lang",
        "repo": "rust-analyzer",
        "rev": "0d381ca097a8e0375a19387874d952c0a230ac4f",
        "type": "github"
      },
      "original": {
        "owner": "rust-lang",
        "ref": "nightly",
        "repo": "rust-analyzer",
        "type": "github"
      }
    },
    "rust-analyzer-src_2": {
      "flake": false,
      "locked": {
        "lastModified": 1782864348,
        "narHash": "sha256-NVYhLbaefeIUftPlo3kS6qr0xd8eFJRodEiaHrvFKR4=",
        "owner": "rust-lang",
        "repo": "rust-analyzer",
        "rev": "0d381ca097a8e0375a19387874d952c0a230ac4f",
        "type": "github"
      },
      "original": {
        "owner": "rust-lang",
        "ref": "nightly",
        "repo": "rust-analyzer",
        "type": "github"
      }
    },
    "rust-analyzer-src_3": {
      "flake": false,
      "locked": {
        "lastModified": 1781714865,
        "narHash": "sha256-NIhErKpfs4EUx8N4x8yNYG8/vTzKv9cQn5QmuQI83jM=",
        "owner": "rust-lang",
        "repo": "rust-analyzer",
        "rev": "abb1301c3c14a40645bb2588b1cc858fe374b527",
        "type": "github"
      },
      "original": {
        "owner": "rust-lang",
        "ref": "nightly",
        "repo": "rust-analyzer",
        "type": "github"
      }
    },
    "rust-analyzer-src_4": {
      "flake": false,
      "locked": {
        "lastModified": 1781714865,
        "narHash": "sha256-NIhErKpfs4EUx8N4x8yNYG8/vTzKv9cQn5QmuQI83jM=",
        "owner": "rust-lang",
        "repo": "rust-analyzer",
        "rev": "abb1301c3c14a40645bb2588b1cc858fe374b527",
        "type": "github"
      },
      "original": {
        "owner": "rust-lang",
        "ref": "nightly",
        "repo": "rust-analyzer",
        "type": "github"
      }
    },
    "rust-analyzer-src_5": {
      "flake": false,
      "locked": {
        "lastModified": 1781714865,
        "narHash": "sha256-NIhErKpfs4EUx8N4x8yNYG8/vTzKv9cQn5QmuQI83jM=",
        "owner": "rust-lang",
        "repo": "rust-analyzer",
        "rev": "abb1301c3c14a40645bb2588b1cc858fe374b527",
        "type": "github"
      },
      "original": {
        "owner": "rust-lang",
        "ref": "nightly",
        "repo": "rust-analyzer",
        "type": "github"
      }
    },
    "rust-analyzer-src_6": {
      "flake": false,
      "locked": {
        "lastModified": 1782864348,
        "narHash": "sha256-NVYhLbaefeIUftPlo3kS6qr0xd8eFJRodEiaHrvFKR4=",
        "owner": "rust-lang",
        "repo": "rust-analyzer",
        "rev": "0d381ca097a8e0375a19387874d952c0a230ac4f",
        "type": "github"
      },
      "original": {
        "owner": "rust-lang",
        "ref": "nightly",
        "repo": "rust-analyzer",
        "type": "github"
      }
    },
    "rust-build": {
      "inputs": {
        "crane": "crane_4",
        "fenix": "fenix_4",
        "flake-utils": "flake-utils_6",
        "nixpkgs": [
          "persona-orchestrate",
          "nixpkgs"
        ]
      },
      "locked": {
        "lastModified": 1781903243,
        "narHash": "sha256-QTLu7a0z7fnVwt4SUyTgUKnYEcUiQCtTDRGaXv4p3H4=",
        "owner": "LiGoldragon",
        "repo": "rust-build",
        "rev": "56d18735f2034d192f63d13d2701202fd2e18cf3",
        "type": "github"
      },
      "original": {
        "owner": "LiGoldragon",
        "repo": "rust-build",
        "type": "github"
      }
    },
    "schema-next-source": {
      "flake": false,
      "locked": {
        "lastModified": 1781619172,
        "narHash": "sha256-yXF5sx429gtjHexHkg7lYY+Z27cmclMvYydVUsHDAK4=",
        "owner": "LiGoldragon",
        "repo": "schema",
        "rev": "e721626038e81cce49a7b193b07903b2868e1f68",
        "type": "github"
      },
      "original": {
        "owner": "LiGoldragon",
        "repo": "schema",
        "type": "github"
      }
    },
    "schema-rust-next-source": {
      "flake": false,
      "locked": {
        "lastModified": 1781640129,
        "narHash": "sha256-K8GYwsdBgUruTUVA6cwa3nyqJM/FcxIqL154z7LBB3w=",
        "owner": "LiGoldragon",
        "repo": "schema-rust",
        "rev": "cad9ec27767bdf74d4835d1b00528cf525eda7f6",
        "type": "github"
      },
      "original": {
        "owner": "LiGoldragon",
        "repo": "schema-rust",
        "type": "github"
      }
    },
    "sema-engine-layout3-source": {
      "flake": false,
      "locked": {
        "lastModified": 1781293993,
        "narHash": "sha256-XSNblN9X6bbXw38dIMl7TzZ/U7PGGW+WfK/oY+XiWig=",
        "owner": "LiGoldragon",
        "repo": "sema-engine",
        "rev": "dbe29427d9a2c6c194909385485ad42b008048b8",
        "type": "github"
      },
      "original": {
        "owner": "LiGoldragon",
        "repo": "sema-engine",
        "rev": "dbe29427d9a2c6c194909385485ad42b008048b8",
        "type": "github"
      }
    },
    "sema-engine-previous-source": {
      "flake": false,
      "locked": {
        "lastModified": 1780882016,
        "narHash": "sha256-pwputlTmijhSOc761UopW+OUs/P86ybIk1O/L97sM+E=",
        "owner": "LiGoldragon",
        "repo": "sema-engine",
        "rev": "ebee6e44ba6ee4afcb26998007bcfd128641b54c",
        "type": "github"
      },
      "original": {
        "owner": "LiGoldragon",
        "repo": "sema-engine",
        "rev": "ebee6e44ba6ee4afcb26998007bcfd128641b54c",
        "type": "github"
      }
    },
    "sema-engine-source": {
      "flake": false,
      "locked": {
        "lastModified": 1781453558,
        "narHash": "sha256-6ZQ6dQ91Gtf5bzKZ/bZHHQbbHtt2nwjiz+DXOdcESsY=",
        "owner": "LiGoldragon",
        "repo": "sema-engine",
        "rev": "1afcd012baad5f64911e758e554651f188e78d94",
        "type": "github"
      },
      "original": {
        "owner": "LiGoldragon",
        "repo": "sema-engine",
        "type": "github"
      }
    },
    "sema-source": {
      "flake": false,
      "locked": {
        "lastModified": 1780868669,
        "narHash": "sha256-eOnvDFUhkbwOTquXlNoNjodoEVHig3PiBxZ/5GEE8Ok=",
        "owner": "LiGoldragon",
        "repo": "sema",
        "rev": "da96de248cc3fe2e3191ca524d60cfc378f62a11",
        "type": "github"
      },
      "original": {
        "owner": "LiGoldragon",
        "repo": "sema",
        "type": "github"
      }
    },
    "signal-agent-source": {
      "flake": false,
      "locked": {
        "lastModified": 1781641163,
        "narHash": "sha256-fqnAsYyAzRAvObZiwYFK/i4hCo7engwTDkVJg25XECo=",
        "owner": "LiGoldragon",
        "repo": "signal-agent",
        "rev": "35be3523ce5f146aa451121166cd535ba82de8dd",
        "type": "github"
      },
      "original": {
        "owner": "LiGoldragon",
        "repo": "signal-agent",
        "type": "github"
      }
    },
    "signal-frame-source": {
      "flake": false,
      "locked": {
        "lastModified": 1780888198,
        "narHash": "sha256-Z+DXM/jGE/v/ngxgHJsTHsh2iq38bb94VtTnJsCvphY=",
        "owner": "LiGoldragon",
        "repo": "signal-frame",
        "rev": "166bda84dc63bf8461fff11a41c43d6a1c92a941",
        "type": "github"
      },
      "original": {
        "owner": "LiGoldragon",
        "repo": "signal-frame",
        "type": "github"
      }
    },
    "signal-mind": {
      "inputs": {
        "crane": [
          "crane"
        ],
        "fenix": [
          "fenix"
        ],
        "flake-utils": "flake-utils_8",
        "nixpkgs": [
          "nixpkgs"
        ]
      },
      "locked": {
        "lastModified": 1783215643,
        "narHash": "sha256-2cmGhIWFMcj5YjkUl3+r5+ZJ4wBJeRCERwZZiYlNebY=",
        "owner": "LiGoldragon",
        "repo": "signal-mind",
        "rev": "458ad2dca2dbca8679f7d88c12f2673e462fc118",
        "type": "github"
      },
      "original": {
        "owner": "LiGoldragon",
        "repo": "signal-mind",
        "type": "github"
      }
    },
    "signal-orchestrate": {
      "inputs": {
        "crane": [
          "crane"
        ],
        "fenix": [
          "fenix"
        ],
        "flake-utils": "flake-utils_9",
        "nixpkgs": [
          "nixpkgs"
        ]
      },
      "locked": {
        "lastModified": 1783215685,
        "narHash": "sha256-x/dApFnt5/rD5xMCHA6LnvhLdmIOYfPse21fh/jME0A=",
        "owner": "LiGoldragon",
        "repo": "signal-orchestrate",
        "rev": "ab12e8ad1b183863c36e3402c69c8f109a93b2c4",
        "type": "github"
      },
      "original": {
        "owner": "LiGoldragon",
        "repo": "signal-orchestrate",
        "type": "github"
      }
    },
    "signal-sema-source": {
      "flake": false,
      "locked": {
        "lastModified": 1780881945,
        "narHash": "sha256-uR9mRdVGhBWhc3jqENvY4GnKwE1gJGvAJG9WeFEDm60=",
        "owner": "LiGoldragon",
        "repo": "signal-sema",
        "rev": "33f62840678530289e9b96485453f7d86e343182",
        "type": "github"
      },
      "original": {
        "owner": "LiGoldragon",
        "repo": "signal-sema",
        "type": "github"
      }
    },
    "signal-spirit-source": {
      "flake": false,
      "locked": {
        "lastModified": 1781640320,
        "narHash": "sha256-7VthP6omrzXJhIWdkZbjbsV/Ue51Bj5tuBnNK6f2xE4=",
        "owner": "LiGoldragon",
        "repo": "signal-spirit",
        "rev": "876c2721d37576c13f3b038df31f303670fdbf20",
        "type": "github"
      },
      "original": {
        "owner": "LiGoldragon",
        "repo": "signal-spirit",
        "type": "github"
      }
    },
    "signal-system": {
      "inputs": {
        "crane": [
          "crane"
        ],
        "fenix": [
          "fenix"
        ],
        "flake-utils": "flake-utils_10",
        "nixpkgs": [
          "nixpkgs"
        ]
      },
      "locked": {
        "lastModified": 1783215737,
        "narHash": "sha256-Rt/SovrtGfrTz4WaFKytQYs4lMNjOk5M/UTBOC8Mab0=",
        "owner": "LiGoldragon",
        "repo": "signal-system",
        "rev": "02d56b1434f128583a7c1ece0130f778335c1617",
        "type": "github"
      },
      "original": {
        "owner": "LiGoldragon",
        "repo": "signal-system",
        "type": "github"
      }
    },
    "signal-terminal": {
      "inputs": {
        "crane": [
          "crane"
        ],
        "fenix": [
          "fenix"
        ],
        "flake-utils": "flake-utils_11",
        "nixpkgs": [
          "nixpkgs"
        ]
      },
      "locked": {
        "lastModified": 1783215019,
        "narHash": "sha256-OQspapacE63MbUkD40FbQDsLINkfgw2G7P05t8TdOw8=",
        "owner": "LiGoldragon",
        "repo": "signal-terminal",
        "rev": "00f4cae37523424e01b53617882d96c586d69b3c",
        "type": "github"
      },
      "original": {
        "owner": "LiGoldragon",
        "repo": "signal-terminal",
        "type": "github"
      }
    },
    "systems": {
      "locked": {
        "lastModified": 1681028828,
        "narHash": "sha256-Vy1rq5AaRuLzOxct8nz4T6wlgyUR7zLU309k9mBC768=",
        "owner": "nix-systems",
        "repo": "default",
        "rev": "da67096a3b9bf56a91d16901293e51ba5b49a27e",
        "type": "github"
      },
      "original": {
        "owner": "nix-systems",
        "repo": "default",
        "type": "github"
      }
    },
    "systems_10": {
      "locked": {
        "lastModified": 1681028828,
        "narHash": "sha256-Vy1rq5AaRuLzOxct8nz4T6wlgyUR7zLU309k9mBC768=",
        "owner": "nix-systems",
        "repo": "default",
        "rev": "da67096a3b9bf56a91d16901293e51ba5b49a27e",
        "type": "github"
      },
      "original": {
        "owner": "nix-systems",
        "repo": "default",
        "type": "github"
      }
    },
    "systems_11": {
      "locked": {
        "lastModified": 1681028828,
        "narHash": "sha256-Vy1rq5AaRuLzOxct8nz4T6wlgyUR7zLU309k9mBC768=",
        "owner": "nix-systems",
        "repo": "default",
        "rev": "da67096a3b9bf56a91d16901293e51ba5b49a27e",
        "type": "github"
      },
      "original": {
        "owner": "nix-systems",
        "repo": "default",
        "type": "github"
      }
    },
    "systems_2": {
      "locked": {
        "lastModified": 1681028828,
        "narHash": "sha256-Vy1rq5AaRuLzOxct8nz4T6wlgyUR7zLU309k9mBC768=",
        "owner": "nix-systems",
        "repo": "default",
        "rev": "da67096a3b9bf56a91d16901293e51ba5b49a27e",
        "type": "github"
      },
      "original": {
        "owner": "nix-systems",
        "repo": "default",
        "type": "github"
      }
    },
    "systems_3": {
      "locked": {
        "lastModified": 1681028828,
        "narHash": "sha256-Vy1rq5AaRuLzOxct8nz4T6wlgyUR7zLU309k9mBC768=",
        "owner": "nix-systems",
        "repo": "default",
        "rev": "da67096a3b9bf56a91d16901293e51ba5b49a27e",
        "type": "github"
      },
      "original": {
        "owner": "nix-systems",
        "repo": "default",
        "type": "github"
      }
    },
    "systems_4": {
      "locked": {
        "lastModified": 1681028828,
        "narHash": "sha256-Vy1rq5AaRuLzOxct8nz4T6wlgyUR7zLU309k9mBC768=",
        "owner": "nix-systems",
        "repo": "default",
        "rev": "da67096a3b9bf56a91d16901293e51ba5b49a27e",
        "type": "github"
      },
      "original": {
        "owner": "nix-systems",
        "repo": "default",
        "type": "github"
      }
    },
    "systems_5": {
      "locked": {
        "lastModified": 1681028828,
        "narHash": "sha256-Vy1rq5AaRuLzOxct8nz4T6wlgyUR7zLU309k9mBC768=",
        "owner": "nix-systems",
        "repo": "default",
        "rev": "da67096a3b9bf56a91d16901293e51ba5b49a27e",
        "type": "github"
      },
      "original": {
        "owner": "nix-systems",
        "repo": "default",
        "type": "github"
      }
    },
    "systems_6": {
      "locked": {
        "lastModified": 1681028828,
        "narHash": "sha256-Vy1rq5AaRuLzOxct8nz4T6wlgyUR7zLU309k9mBC768=",
        "owner": "nix-systems",
        "repo": "default",
        "rev": "da67096a3b9bf56a91d16901293e51ba5b49a27e",
        "type": "github"
      },
      "original": {
        "owner": "nix-systems",
        "repo": "default",
        "type": "github"
      }
    },
    "systems_7": {
      "locked": {
        "lastModified": 1681028828,
        "narHash": "sha256-Vy1rq5AaRuLzOxct8nz4T6wlgyUR7zLU309k9mBC768=",
        "owner": "nix-systems",
        "repo": "default",
        "rev": "da67096a3b9bf56a91d16901293e51ba5b49a27e",
        "type": "github"
      },
      "original": {
        "owner": "nix-systems",
        "repo": "default",
        "type": "github"
      }
    },
    "systems_8": {
      "locked": {
        "lastModified": 1681028828,
        "narHash": "sha256-Vy1rq5AaRuLzOxct8nz4T6wlgyUR7zLU309k9mBC768=",
        "owner": "nix-systems",
        "repo": "default",
        "rev": "da67096a3b9bf56a91d16901293e51ba5b49a27e",
        "type": "github"
      },
      "original": {
        "owner": "nix-systems",
        "repo": "default",
        "type": "github"
      }
    },
    "systems_9": {
      "locked": {
        "lastModified": 1681028828,
        "narHash": "sha256-Vy1rq5AaRuLzOxct8nz4T6wlgyUR7zLU309k9mBC768=",
        "owner": "nix-systems",
        "repo": "default",
        "rev": "da67096a3b9bf56a91d16901293e51ba5b49a27e",
        "type": "github"
      },
      "original": {
        "owner": "nix-systems",
        "repo": "default",
        "type": "github"
      }
    },
    "terminal-cell": {
      "flake": false,
      "locked": {
        "lastModified": 1783215771,
        "narHash": "sha256-u6bnHBjHI5z17vkFgsGrWlsUTc2OWPpNBXCLQABvHRQ=",
        "owner": "LiGoldragon",
        "repo": "terminal-cell",
        "rev": "da570acc3656ac5fb5097479092f6d26e9a6fb88",
        "type": "github"
      },
      "original": {
        "owner": "LiGoldragon",
        "repo": "terminal-cell",
        "type": "github"
      }
    },
    "triad-runtime-source": {
      "flake": false,
      "locked": {
        "lastModified": 1781452743,
        "narHash": "sha256-l77NSLVdhiUJvXfmW0QGTImcRLByekWAAOjTxQXKKNY=",
        "owner": "LiGoldragon",
        "repo": "triad-runtime",
        "rev": "7a84034b81148abe0105fb103d782d82c45c170f",
        "type": "github"
      },
      "original": {
        "owner": "LiGoldragon",
        "repo": "triad-runtime",
        "type": "github"
      }
    },
    "version-projection-source": {
      "flake": false,
      "locked": {
        "lastModified": 1780889041,
        "narHash": "sha256-vSbk2SmDg9o12yr3sl8nJ2AKkz/QPfFC9Sbfasb63ho=",
        "owner": "LiGoldragon",
        "repo": "version-projection",
        "rev": "f00b239f75aca30098a60b30e877faafe8625d77",
        "type": "github"
      },
      "original": {
        "owner": "LiGoldragon",
        "repo": "version-projection",
        "type": "github"
      }
    }
  },
  "root": "root",
  "version": 7
}
