{
  "nodes": {
    "crane": {
      "locked": {
        "lastModified": 1777830388,
        "narHash": "sha256-2uoQAqUk2H0ijQtGiWAyNeQYGYc6yfAcRRLlJAz4Gp8=",
        "owner": "ipetkov",
        "repo": "crane",
        "rev": "d459c1350e96ce1a7e3859c513ef5e9869d67d6f",
        "type": "github"
      },
      "original": {
        "owner": "ipetkov",
        "repo": "crane",
        "type": "github"
      }
    },
    "crane_2": {
      "locked": {
        "lastModified": 1777830388,
        "narHash": "sha256-2uoQAqUk2H0ijQtGiWAyNeQYGYc6yfAcRRLlJAz4Gp8=",
        "owner": "ipetkov",
        "repo": "crane",
        "rev": "d459c1350e96ce1a7e3859c513ef5e9869d67d6f",
        "type": "github"
      },
      "original": {
        "owner": "ipetkov",
        "repo": "crane",
        "type": "github"
      }
    },
    "crane_3": {
      "locked": {
        "lastModified": 1778106249,
        "narHash": "sha256-cM/AuKy5tMhwOOQIbha8ZRRMHVfNf7cv2aljIw+qoCg=",
        "owner": "ipetkov",
        "repo": "crane",
        "rev": "6d015ea29630b7ad2402841386da2cb617a470a7",
        "type": "github"
      },
      "original": {
        "owner": "ipetkov",
        "repo": "crane",
        "type": "github"
      }
    },
    "crane_4": {
      "locked": {
        "lastModified": 1778106249,
        "narHash": "sha256-cM/AuKy5tMhwOOQIbha8ZRRMHVfNf7cv2aljIw+qoCg=",
        "owner": "ipetkov",
        "repo": "crane",
        "rev": "6d015ea29630b7ad2402841386da2cb617a470a7",
        "type": "github"
      },
      "original": {
        "owner": "ipetkov",
        "repo": "crane",
        "type": "github"
      }
    },
    "crane_5": {
      "locked": {
        "lastModified": 1778106249,
        "narHash": "sha256-cM/AuKy5tMhwOOQIbha8ZRRMHVfNf7cv2aljIw+qoCg=",
        "owner": "ipetkov",
        "repo": "crane",
        "rev": "6d015ea29630b7ad2402841386da2cb617a470a7",
        "type": "github"
      },
      "original": {
        "owner": "ipetkov",
        "repo": "crane",
        "type": "github"
      }
    },
    "crane_6": {
      "locked": {
        "lastModified": 1778106249,
        "narHash": "sha256-cM/AuKy5tMhwOOQIbha8ZRRMHVfNf7cv2aljIw+qoCg=",
        "owner": "ipetkov",
        "repo": "crane",
        "rev": "6d015ea29630b7ad2402841386da2cb617a470a7",
        "type": "github"
      },
      "original": {
        "owner": "ipetkov",
        "repo": "crane",
        "type": "github"
      }
    },
    "crane_7": {
      "locked": {
        "lastModified": 1778106249,
        "narHash": "sha256-cM/AuKy5tMhwOOQIbha8ZRRMHVfNf7cv2aljIw+qoCg=",
        "owner": "ipetkov",
        "repo": "crane",
        "rev": "6d015ea29630b7ad2402841386da2cb617a470a7",
        "type": "github"
      },
      "original": {
        "owner": "ipetkov",
        "repo": "crane",
        "type": "github"
      }
    },
    "fenix": {
      "inputs": {
        "nixpkgs": [
          "nixpkgs"
        ],
        "rust-analyzer-src": "rust-analyzer-src"
      },
      "locked": {
        "lastModified": 1777969788,
        "narHash": "sha256-8sr3w0KyQ0K7TEd8pYwYrxiDk0GZ4A7iIcl1lsxlzVM=",
        "owner": "nix-community",
        "repo": "fenix",
        "rev": "3abc2d5559f4dc30c710ab152abcb4cb60b561ba",
        "type": "github"
      },
      "original": {
        "owner": "nix-community",
        "repo": "fenix",
        "type": "github"
      }
    },
    "fenix_2": {
      "inputs": {
        "nixpkgs": [
          "persona-message",
          "nixpkgs"
        ],
        "rust-analyzer-src": "rust-analyzer-src_2"
      },
      "locked": {
        "lastModified": 1777969788,
        "narHash": "sha256-8sr3w0KyQ0K7TEd8pYwYrxiDk0GZ4A7iIcl1lsxlzVM=",
        "owner": "nix-community",
        "repo": "fenix",
        "rev": "3abc2d5559f4dc30c710ab152abcb4cb60b561ba",
        "type": "github"
      },
      "original": {
        "owner": "nix-community",
        "repo": "fenix",
        "type": "github"
      }
    },
    "fenix_3": {
      "inputs": {
        "nixpkgs": [
          "persona-mind",
          "nixpkgs"
        ],
        "rust-analyzer-src": "rust-analyzer-src_3"
      },
      "locked": {
        "lastModified": 1778314245,
        "narHash": "sha256-a8p3JMunVzj0o86V9CNTyEFw7z4105QWl+bEz6Du8Jw=",
        "owner": "nix-community",
        "repo": "fenix",
        "rev": "f54d645218048a7abe226983a922cdaca63cd845",
        "type": "github"
      },
      "original": {
        "owner": "nix-community",
        "repo": "fenix",
        "type": "github"
      }
    },
    "fenix_4": {
      "inputs": {
        "nixpkgs": [
          "persona-router",
          "nixpkgs"
        ],
        "rust-analyzer-src": "rust-analyzer-src_4"
      },
      "locked": {
        "lastModified": 1778314245,
        "narHash": "sha256-a8p3JMunVzj0o86V9CNTyEFw7z4105QWl+bEz6Du8Jw=",
        "owner": "nix-community",
        "repo": "fenix",
        "rev": "f54d645218048a7abe226983a922cdaca63cd845",
        "type": "github"
      },
      "original": {
        "owner": "nix-community",
        "repo": "fenix",
        "type": "github"
      }
    },
    "fenix_5": {
      "inputs": {
        "nixpkgs": [
          "persona-terminal",
          "nixpkgs"
        ],
        "rust-analyzer-src": "rust-analyzer-src_5"
      },
      "locked": {
        "lastModified": 1777969788,
        "narHash": "sha256-8sr3w0KyQ0K7TEd8pYwYrxiDk0GZ4A7iIcl1lsxlzVM=",
        "owner": "nix-community",
        "repo": "fenix",
        "rev": "3abc2d5559f4dc30c710ab152abcb4cb60b561ba",
        "type": "github"
      },
      "original": {
        "owner": "nix-community",
        "repo": "fenix",
        "type": "github"
      }
    },
    "fenix_6": {
      "inputs": {
        "nixpkgs": [
          "signal-persona",
          "nixpkgs"
        ],
        "rust-analyzer-src": "rust-analyzer-src_6"
      },
      "locked": {
        "lastModified": 1778401511,
        "narHash": "sha256-QMHQy1xiNUug/xig3/BgZkNG/9t5HTOJsSd+376GIA8=",
        "owner": "nix-community",
        "repo": "fenix",
        "rev": "1f07645938873d7027855d2564faaac36c4ceb76",
        "type": "github"
      },
      "original": {
        "owner": "nix-community",
        "repo": "fenix",
        "type": "github"
      }
    },
    "fenix_7": {
      "inputs": {
        "nixpkgs": [
          "signal-persona-mind",
          "nixpkgs"
        ],
        "rust-analyzer-src": "rust-analyzer-src_7"
      },
      "locked": {
        "lastModified": 1778314245,
        "narHash": "sha256-a8p3JMunVzj0o86V9CNTyEFw7z4105QWl+bEz6Du8Jw=",
        "owner": "nix-community",
        "repo": "fenix",
        "rev": "f54d645218048a7abe226983a922cdaca63cd845",
        "type": "github"
      },
      "original": {
        "owner": "nix-community",
        "repo": "fenix",
        "type": "github"
      }
    },
    "flake-utils": {
      "inputs": {
        "systems": "systems"
      },
      "locked": {
        "lastModified": 1731533236,
        "narHash": "sha256-l0KFg5HjrsfsO/JpG+r7fRrqm12kzFHyUHqHCVpMMbI=",
        "owner": "numtide",
        "repo": "flake-utils",
        "rev": "11707dc2f618dd54ca8739b309ec4fc024de578b",
        "type": "github"
      },
      "original": {
        "owner": "numtide",
        "repo": "flake-utils",
        "type": "github"
      }
    },
    "flake-utils_2": {
      "inputs": {
        "systems": "systems_2"
      },
      "locked": {
        "lastModified": 1731533236,
        "narHash": "sha256-l0KFg5HjrsfsO/JpG+r7fRrqm12kzFHyUHqHCVpMMbI=",
        "owner": "numtide",
        "repo": "flake-utils",
        "rev": "11707dc2f618dd54ca8739b309ec4fc024de578b",
        "type": "github"
      },
      "original": {
        "owner": "numtide",
        "repo": "flake-utils",
        "type": "github"
      }
    },
    "flake-utils_3": {
      "inputs": {
        "systems": "systems_3"
      },
      "locked": {
        "lastModified": 1731533236,
        "narHash": "sha256-l0KFg5HjrsfsO/JpG+r7fRrqm12kzFHyUHqHCVpMMbI=",
        "owner": "numtide",
        "repo": "flake-utils",
        "rev": "11707dc2f618dd54ca8739b309ec4fc024de578b",
        "type": "github"
      },
      "original": {
        "owner": "numtide",
        "repo": "flake-utils",
        "type": "github"
      }
    },
    "flake-utils_4": {
      "inputs": {
        "systems": "systems_4"
      },
      "locked": {
        "lastModified": 1731533236,
        "narHash": "sha256-l0KFg5HjrsfsO/JpG+r7fRrqm12kzFHyUHqHCVpMMbI=",
        "owner": "numtide",
        "repo": "flake-utils",
        "rev": "11707dc2f618dd54ca8739b309ec4fc024de578b",
        "type": "github"
      },
      "original": {
        "owner": "numtide",
        "repo": "flake-utils",
        "type": "github"
      }
    },
    "flake-utils_5": {
      "inputs": {
        "systems": "systems_5"
      },
      "locked": {
        "lastModified": 1731533236,
        "narHash": "sha256-l0KFg5HjrsfsO/JpG+r7fRrqm12kzFHyUHqHCVpMMbI=",
        "owner": "numtide",
        "repo": "flake-utils",
        "rev": "11707dc2f618dd54ca8739b309ec4fc024de578b",
        "type": "github"
      },
      "original": {
        "owner": "numtide",
        "repo": "flake-utils",
        "type": "github"
      }
    },
    "nixpkgs": {
      "locked": {
        "lastModified": 1776877367,
        "narHash": "sha256-EHq1/OX139R1RvBzOJ0aMRT3xnWyqtHBRUBuO1gFzjI=",
        "owner": "LiGoldragon",
        "repo": "nixpkgs",
        "rev": "0726a0ecb6d4e08f6adced58726b95db924cef57",
        "type": "github"
      },
      "original": {
        "owner": "LiGoldragon",
        "ref": "main",
        "repo": "nixpkgs",
        "type": "github"
      }
    },
    "nixpkgs_2": {
      "locked": {
        "lastModified": 1776877367,
        "narHash": "sha256-EHq1/OX139R1RvBzOJ0aMRT3xnWyqtHBRUBuO1gFzjI=",
        "owner": "LiGoldragon",
        "repo": "nixpkgs",
        "rev": "0726a0ecb6d4e08f6adced58726b95db924cef57",
        "type": "github"
      },
      "original": {
        "owner": "LiGoldragon",
        "ref": "main",
        "repo": "nixpkgs",
        "type": "github"
      }
    },
    "nixpkgs_3": {
      "locked": {
        "lastModified": 1778274207,
        "narHash": "sha256-I4puXmX1iovcCHZlRmztO3vW0mAbbRvq4F8wgIMQ1MM=",
        "owner": "NixOS",
        "repo": "nixpkgs",
        "rev": "b3da656039dc7a6240f27b2ef8cc6a3ef3bccae7",
        "type": "github"
      },
      "original": {
        "owner": "NixOS",
        "ref": "nixpkgs-unstable",
        "repo": "nixpkgs",
        "type": "github"
      }
    },
    "nixpkgs_4": {
      "locked": {
        "lastModified": 1776877367,
        "narHash": "sha256-EHq1/OX139R1RvBzOJ0aMRT3xnWyqtHBRUBuO1gFzjI=",
        "owner": "LiGoldragon",
        "repo": "nixpkgs",
        "rev": "0726a0ecb6d4e08f6adced58726b95db924cef57",
        "type": "github"
      },
      "original": {
        "owner": "LiGoldragon",
        "ref": "main",
        "repo": "nixpkgs",
        "type": "github"
      }
    },
    "nixpkgs_5": {
      "locked": {
        "lastModified": 1776877367,
        "narHash": "sha256-EHq1/OX139R1RvBzOJ0aMRT3xnWyqtHBRUBuO1gFzjI=",
        "owner": "LiGoldragon",
        "repo": "nixpkgs",
        "rev": "0726a0ecb6d4e08f6adced58726b95db924cef57",
        "type": "github"
      },
      "original": {
        "owner": "LiGoldragon",
        "ref": "main",
        "repo": "nixpkgs",
        "type": "github"
      }
    },
    "nixpkgs_6": {
      "locked": {
        "lastModified": 1778274207,
        "narHash": "sha256-I4puXmX1iovcCHZlRmztO3vW0mAbbRvq4F8wgIMQ1MM=",
        "owner": "NixOS",
        "repo": "nixpkgs",
        "rev": "b3da656039dc7a6240f27b2ef8cc6a3ef3bccae7",
        "type": "github"
      },
      "original": {
        "owner": "NixOS",
        "ref": "nixpkgs-unstable",
        "repo": "nixpkgs",
        "type": "github"
      }
    },
    "nixpkgs_7": {
      "locked": {
        "lastModified": 1778124196,
        "narHash": "sha256-pYEytCNic/czazbV9r3tbQ6BZzqRBg/41x2dIC5ymOo=",
        "owner": "NixOS",
        "repo": "nixpkgs",
        "rev": "68a8af93ff4297686cb68880845e61e5e2e41d92",
        "type": "github"
      },
      "original": {
        "owner": "NixOS",
        "ref": "nixpkgs-unstable",
        "repo": "nixpkgs",
        "type": "github"
      }
    },
    "persona-harness": {
      "inputs": {
        "crane": [
          "crane"
        ],
        "fenix": [
          "fenix"
        ],
        "nixpkgs": [
          "nixpkgs"
        ]
      },
      "locked": {
        "lastModified": 1778787162,
        "narHash": "sha256-ABGpUulIPaAPIs7XOpRcuYaCbsNtiFgW8RO/tbWr4y8=",
        "owner": "LiGoldragon",
        "repo": "persona-harness",
        "rev": "1f9ab3d3b0c48bf660e2af56bed5d2f476561afa",
        "type": "github"
      },
      "original": {
        "owner": "LiGoldragon",
        "repo": "persona-harness",
        "type": "github"
      }
    },
    "persona-introspect": {
      "inputs": {
        "crane": [
          "crane"
        ],
        "fenix": [
          "fenix"
        ],
        "flake-utils": "flake-utils",
        "nixpkgs": [
          "nixpkgs"
        ]
      },
      "locked": {
        "lastModified": 1778787162,
        "narHash": "sha256-W9nhghVjBK/Tdiu7gjk42RzrRUeA5ucDxbLCpbCM02c=",
        "owner": "LiGoldragon",
        "repo": "persona-introspect",
        "rev": "7ef54cd5464d3a362a7c7c16e6da0b26fc44dc2b",
        "type": "github"
      },
      "original": {
        "owner": "LiGoldragon",
        "repo": "persona-introspect",
        "type": "github"
      }
    },
    "persona-message": {
      "inputs": {
        "crane": "crane_2",
        "fenix": "fenix_2",
        "nixpkgs": "nixpkgs_2"
      },
      "locked": {
        "lastModified": 1778787162,
        "narHash": "sha256-zFkU6pNTl6enOhE+QgjP5MnjocGTh6/398RtWz00XvA=",
        "owner": "LiGoldragon",
        "repo": "persona-message",
        "rev": "ad8869d24ede6db8f62e9046c180a53c0e7aa51a",
        "type": "github"
      },
      "original": {
        "owner": "LiGoldragon",
        "repo": "persona-message",
        "type": "github"
      }
    },
    "persona-mind": {
      "inputs": {
        "crane": "crane_3",
        "fenix": "fenix_3",
        "flake-utils": "flake-utils_2",
        "nixpkgs": "nixpkgs_3"
      },
      "locked": {
        "lastModified": 1778787162,
        "narHash": "sha256-UFHfJgnxI7BCO2RJfr0XeI3ckxLxkHZw3wPUKuUc4Ik=",
        "owner": "LiGoldragon",
        "repo": "persona-mind",
        "rev": "730aacff66d2ec6826c0e04940de7f5d2a998a75",
        "type": "github"
      },
      "original": {
        "owner": "LiGoldragon",
        "repo": "persona-mind",
        "type": "github"
      }
    },
    "persona-router": {
      "inputs": {
        "crane": "crane_4",
        "fenix": "fenix_4",
        "nixpkgs": "nixpkgs_4"
      },
      "locked": {
        "lastModified": 1778787162,
        "narHash": "sha256-bjZx3xoVnruDRq8d5DnHi3dFKPWImyT6DmcQaiHWTyQ=",
        "owner": "LiGoldragon",
        "repo": "persona-router",
        "rev": "57ac44428ed6b5cc4339a4fa9405efa8cc46ecb3",
        "type": "github"
      },
      "original": {
        "owner": "LiGoldragon",
        "repo": "persona-router",
        "type": "github"
      }
    },
    "persona-system": {
      "inputs": {
        "crane": [
          "crane"
        ],
        "fenix": [
          "fenix"
        ],
        "nixpkgs": [
          "nixpkgs"
        ]
      },
      "locked": {
        "lastModified": 1778787162,
        "narHash": "sha256-MKlAn1p4gsKrOZqqmQsxabTDWJQQ7JpL7Cll0aDSBZI=",
        "owner": "LiGoldragon",
        "repo": "persona-system",
        "rev": "5cebb286c18d65beb59eebd4456114d72d3da293",
        "type": "github"
      },
      "original": {
        "owner": "LiGoldragon",
        "repo": "persona-system",
        "type": "github"
      }
    },
    "persona-terminal": {
      "inputs": {
        "crane": "crane_5",
        "fenix": "fenix_5",
        "nixpkgs": "nixpkgs_5"
      },
      "locked": {
        "lastModified": 1778787162,
        "narHash": "sha256-a1TlHy5mpL3boP7nH8yCAfYJhJe60eJ77hCQ9aiDOy4=",
        "owner": "LiGoldragon",
        "repo": "persona-terminal",
        "rev": "c468ec6f3fe725008e18052c27c2290bca062a65",
        "type": "github"
      },
      "original": {
        "owner": "LiGoldragon",
        "repo": "persona-terminal",
        "type": "github"
      }
    },
    "root": {
      "inputs": {
        "crane": "crane",
        "fenix": "fenix",
        "nixpkgs": "nixpkgs",
        "persona-harness": "persona-harness",
        "persona-introspect": "persona-introspect",
        "persona-message": "persona-message",
        "persona-mind": "persona-mind",
        "persona-router": "persona-router",
        "persona-system": "persona-system",
        "persona-terminal": "persona-terminal",
        "signal-persona": "signal-persona",
        "signal-persona-mind": "signal-persona-mind",
        "signal-persona-system": "signal-persona-system",
        "terminal-cell": "terminal-cell"
      }
    },
    "rust-analyzer-src": {
      "flake": false,
      "locked": {
        "lastModified": 1777924689,
        "narHash": "sha256-9Z0puLyCSYvtYhP1IZMxC05DSgwA+5rE99jsv1KErc4=",
        "owner": "rust-lang",
        "repo": "rust-analyzer",
        "rev": "91c7c2c4ca6a0520cfbf97e369e4fb7bf0b63b7a",
        "type": "github"
      },
      "original": {
        "owner": "rust-lang",
        "ref": "nightly",
        "repo": "rust-analyzer",
        "type": "github"
      }
    },
    "rust-analyzer-src_2": {
      "flake": false,
      "locked": {
        "lastModified": 1777924689,
        "narHash": "sha256-9Z0puLyCSYvtYhP1IZMxC05DSgwA+5rE99jsv1KErc4=",
        "owner": "rust-lang",
        "repo": "rust-analyzer",
        "rev": "91c7c2c4ca6a0520cfbf97e369e4fb7bf0b63b7a",
        "type": "github"
      },
      "original": {
        "owner": "rust-lang",
        "ref": "nightly",
        "repo": "rust-analyzer",
        "type": "github"
      }
    },
    "rust-analyzer-src_3": {
      "flake": false,
      "locked": {
        "lastModified": 1778246258,
        "narHash": "sha256-RUZuOfzouSaK/VjcOCU/P5Nb3EhpM8qGnIcHWIIo4Sw=",
        "owner": "rust-lang",
        "repo": "rust-analyzer",
        "rev": "73ca1d4ef136e2367627d698f00db94882b49440",
        "type": "github"
      },
      "original": {
        "owner": "rust-lang",
        "ref": "nightly",
        "repo": "rust-analyzer",
        "type": "github"
      }
    },
    "rust-analyzer-src_4": {
      "flake": false,
      "locked": {
        "lastModified": 1778246258,
        "narHash": "sha256-RUZuOfzouSaK/VjcOCU/P5Nb3EhpM8qGnIcHWIIo4Sw=",
        "owner": "rust-lang",
        "repo": "rust-analyzer",
        "rev": "73ca1d4ef136e2367627d698f00db94882b49440",
        "type": "github"
      },
      "original": {
        "owner": "rust-lang",
        "ref": "nightly",
        "repo": "rust-analyzer",
        "type": "github"
      }
    },
    "rust-analyzer-src_5": {
      "flake": false,
      "locked": {
        "lastModified": 1777924689,
        "narHash": "sha256-9Z0puLyCSYvtYhP1IZMxC05DSgwA+5rE99jsv1KErc4=",
        "owner": "rust-lang",
        "repo": "rust-analyzer",
        "rev": "91c7c2c4ca6a0520cfbf97e369e4fb7bf0b63b7a",
        "type": "github"
      },
      "original": {
        "owner": "rust-lang",
        "ref": "nightly",
        "repo": "rust-analyzer",
        "type": "github"
      }
    },
    "rust-analyzer-src_6": {
      "flake": false,
      "locked": {
        "lastModified": 1778369049,
        "narHash": "sha256-HvNEoAqcd7+VNyesjsy32pFjKdADd5dpTn4iV2teKDY=",
        "owner": "rust-lang",
        "repo": "rust-analyzer",
        "rev": "e708e55b949b9c1a181d77b6fe62ab4e5b141526",
        "type": "github"
      },
      "original": {
        "owner": "rust-lang",
        "ref": "nightly",
        "repo": "rust-analyzer",
        "type": "github"
      }
    },
    "rust-analyzer-src_7": {
      "flake": false,
      "locked": {
        "lastModified": 1778246258,
        "narHash": "sha256-RUZuOfzouSaK/VjcOCU/P5Nb3EhpM8qGnIcHWIIo4Sw=",
        "owner": "rust-lang",
        "repo": "rust-analyzer",
        "rev": "73ca1d4ef136e2367627d698f00db94882b49440",
        "type": "github"
      },
      "original": {
        "owner": "rust-lang",
        "ref": "nightly",
        "repo": "rust-analyzer",
        "type": "github"
      }
    },
    "signal-persona": {
      "inputs": {
        "crane": "crane_6",
        "fenix": "fenix_6",
        "flake-utils": "flake-utils_3",
        "nixpkgs": "nixpkgs_6"
      },
      "locked": {
        "lastModified": 1778776591,
        "narHash": "sha256-chd6AZS/z41lu69Pzt/QbgcLVFbsAOFpePtRituOzA4=",
        "owner": "LiGoldragon",
        "repo": "signal-persona",
        "rev": "b23adbe682736088f92f14b7fc68e76f5cbd4233",
        "type": "github"
      },
      "original": {
        "owner": "LiGoldragon",
        "repo": "signal-persona",
        "type": "github"
      }
    },
    "signal-persona-mind": {
      "inputs": {
        "crane": "crane_7",
        "fenix": "fenix_7",
        "flake-utils": "flake-utils_4",
        "nixpkgs": "nixpkgs_7"
      },
      "locked": {
        "lastModified": 1778589393,
        "narHash": "sha256-ytkZN37sHQRTUdEppVzqEyk6GpPuGIndDr0UCLht0M8=",
        "owner": "LiGoldragon",
        "repo": "signal-persona-mind",
        "rev": "2b451670478abc0dfd6ff8c630059f8daca50f97",
        "type": "github"
      },
      "original": {
        "owner": "LiGoldragon",
        "repo": "signal-persona-mind",
        "type": "github"
      }
    },
    "signal-persona-system": {
      "inputs": {
        "crane": [
          "crane"
        ],
        "fenix": [
          "fenix"
        ],
        "flake-utils": "flake-utils_5",
        "nixpkgs": [
          "nixpkgs"
        ]
      },
      "locked": {
        "lastModified": 1778595062,
        "narHash": "sha256-1gv3sMkVnlH5XTDfl/oAeMI0a0e/NeOTNc25cG2frNU=",
        "owner": "LiGoldragon",
        "repo": "signal-persona-system",
        "rev": "fe4a832025bb85c3842791cd8241ecb7507165f8",
        "type": "github"
      },
      "original": {
        "owner": "LiGoldragon",
        "repo": "signal-persona-system",
        "type": "github"
      }
    },
    "systems": {
      "locked": {
        "lastModified": 1681028828,
        "narHash": "sha256-Vy1rq5AaRuLzOxct8nz4T6wlgyUR7zLU309k9mBC768=",
        "owner": "nix-systems",
        "repo": "default",
        "rev": "da67096a3b9bf56a91d16901293e51ba5b49a27e",
        "type": "github"
      },
      "original": {
        "owner": "nix-systems",
        "repo": "default",
        "type": "github"
      }
    },
    "systems_2": {
      "locked": {
        "lastModified": 1681028828,
        "narHash": "sha256-Vy1rq5AaRuLzOxct8nz4T6wlgyUR7zLU309k9mBC768=",
        "owner": "nix-systems",
        "repo": "default",
        "rev": "da67096a3b9bf56a91d16901293e51ba5b49a27e",
        "type": "github"
      },
      "original": {
        "owner": "nix-systems",
        "repo": "default",
        "type": "github"
      }
    },
    "systems_3": {
      "locked": {
        "lastModified": 1681028828,
        "narHash": "sha256-Vy1rq5AaRuLzOxct8nz4T6wlgyUR7zLU309k9mBC768=",
        "owner": "nix-systems",
        "repo": "default",
        "rev": "da67096a3b9bf56a91d16901293e51ba5b49a27e",
        "type": "github"
      },
      "original": {
        "owner": "nix-systems",
        "repo": "default",
        "type": "github"
      }
    },
    "systems_4": {
      "locked": {
        "lastModified": 1681028828,
        "narHash": "sha256-Vy1rq5AaRuLzOxct8nz4T6wlgyUR7zLU309k9mBC768=",
        "owner": "nix-systems",
        "repo": "default",
        "rev": "da67096a3b9bf56a91d16901293e51ba5b49a27e",
        "type": "github"
      },
      "original": {
        "owner": "nix-systems",
        "repo": "default",
        "type": "github"
      }
    },
    "systems_5": {
      "locked": {
        "lastModified": 1681028828,
        "narHash": "sha256-Vy1rq5AaRuLzOxct8nz4T6wlgyUR7zLU309k9mBC768=",
        "owner": "nix-systems",
        "repo": "default",
        "rev": "da67096a3b9bf56a91d16901293e51ba5b49a27e",
        "type": "github"
      },
      "original": {
        "owner": "nix-systems",
        "repo": "default",
        "type": "github"
      }
    },
    "terminal-cell": {
      "flake": false,
      "locked": {
        "lastModified": 1778780488,
        "narHash": "sha256-VRtxm7QpKnBzq9l5xskmEFu3S2Bdx9w3gRQZ+va28AA=",
        "owner": "LiGoldragon",
        "repo": "terminal-cell",
        "rev": "e837a468007aea69d56d77a18e34bdfe75e48ca6",
        "type": "github"
      },
      "original": {
        "owner": "LiGoldragon",
        "repo": "terminal-cell",
        "type": "github"
      }
    }
  },
  "root": "root",
  "version": 7
}
