{
  "nodes": {
    "crane": {
      "locked": {
        "lastModified": 1777830388,
        "narHash": "sha256-2uoQAqUk2H0ijQtGiWAyNeQYGYc6yfAcRRLlJAz4Gp8=",
        "owner": "ipetkov",
        "repo": "crane",
        "rev": "d459c1350e96ce1a7e3859c513ef5e9869d67d6f",
        "type": "github"
      },
      "original": {
        "owner": "ipetkov",
        "repo": "crane",
        "type": "github"
      }
    },
    "crane_2": {
      "locked": {
        "lastModified": 1777830388,
        "narHash": "sha256-2uoQAqUk2H0ijQtGiWAyNeQYGYc6yfAcRRLlJAz4Gp8=",
        "owner": "ipetkov",
        "repo": "crane",
        "rev": "d459c1350e96ce1a7e3859c513ef5e9869d67d6f",
        "type": "github"
      },
      "original": {
        "owner": "ipetkov",
        "repo": "crane",
        "type": "github"
      }
    },
    "crane_3": {
      "locked": {
        "lastModified": 1778106249,
        "narHash": "sha256-cM/AuKy5tMhwOOQIbha8ZRRMHVfNf7cv2aljIw+qoCg=",
        "owner": "ipetkov",
        "repo": "crane",
        "rev": "6d015ea29630b7ad2402841386da2cb617a470a7",
        "type": "github"
      },
      "original": {
        "owner": "ipetkov",
        "repo": "crane",
        "type": "github"
      }
    },
    "crane_4": {
      "locked": {
        "lastModified": 1778106249,
        "narHash": "sha256-cM/AuKy5tMhwOOQIbha8ZRRMHVfNf7cv2aljIw+qoCg=",
        "owner": "ipetkov",
        "repo": "crane",
        "rev": "6d015ea29630b7ad2402841386da2cb617a470a7",
        "type": "github"
      },
      "original": {
        "owner": "ipetkov",
        "repo": "crane",
        "type": "github"
      }
    },
    "crane_5": {
      "locked": {
        "lastModified": 1778106249,
        "narHash": "sha256-cM/AuKy5tMhwOOQIbha8ZRRMHVfNf7cv2aljIw+qoCg=",
        "owner": "ipetkov",
        "repo": "crane",
        "rev": "6d015ea29630b7ad2402841386da2cb617a470a7",
        "type": "github"
      },
      "original": {
        "owner": "ipetkov",
        "repo": "crane",
        "type": "github"
      }
    },
    "crane_6": {
      "locked": {
        "lastModified": 1778106249,
        "narHash": "sha256-cM/AuKy5tMhwOOQIbha8ZRRMHVfNf7cv2aljIw+qoCg=",
        "owner": "ipetkov",
        "repo": "crane",
        "rev": "6d015ea29630b7ad2402841386da2cb617a470a7",
        "type": "github"
      },
      "original": {
        "owner": "ipetkov",
        "repo": "crane",
        "type": "github"
      }
    },
    "crane_7": {
      "locked": {
        "lastModified": 1778106249,
        "narHash": "sha256-cM/AuKy5tMhwOOQIbha8ZRRMHVfNf7cv2aljIw+qoCg=",
        "owner": "ipetkov",
        "repo": "crane",
        "rev": "6d015ea29630b7ad2402841386da2cb617a470a7",
        "type": "github"
      },
      "original": {
        "owner": "ipetkov",
        "repo": "crane",
        "type": "github"
      }
    },
    "fenix": {
      "inputs": {
        "nixpkgs": [
          "nixpkgs"
        ],
        "rust-analyzer-src": "rust-analyzer-src"
      },
      "locked": {
        "lastModified": 1777969788,
        "narHash": "sha256-8sr3w0KyQ0K7TEd8pYwYrxiDk0GZ4A7iIcl1lsxlzVM=",
        "owner": "nix-community",
        "repo": "fenix",
        "rev": "3abc2d5559f4dc30c710ab152abcb4cb60b561ba",
        "type": "github"
      },
      "original": {
        "owner": "nix-community",
        "repo": "fenix",
        "type": "github"
      }
    },
    "fenix_2": {
      "inputs": {
        "nixpkgs": [
          "persona-message",
          "nixpkgs"
        ],
        "rust-analyzer-src": "rust-analyzer-src_2"
      },
      "locked": {
        "lastModified": 1777969788,
        "narHash": "sha256-8sr3w0KyQ0K7TEd8pYwYrxiDk0GZ4A7iIcl1lsxlzVM=",
        "owner": "nix-community",
        "repo": "fenix",
        "rev": "3abc2d5559f4dc30c710ab152abcb4cb60b561ba",
        "type": "github"
      },
      "original": {
        "owner": "nix-community",
        "repo": "fenix",
        "type": "github"
      }
    },
    "fenix_3": {
      "inputs": {
        "nixpkgs": [
          "persona-mind",
          "nixpkgs"
        ],
        "rust-analyzer-src": "rust-analyzer-src_3"
      },
      "locked": {
        "lastModified": 1778314245,
        "narHash": "sha256-a8p3JMunVzj0o86V9CNTyEFw7z4105QWl+bEz6Du8Jw=",
        "owner": "nix-community",
        "repo": "fenix",
        "rev": "f54d645218048a7abe226983a922cdaca63cd845",
        "type": "github"
      },
      "original": {
        "owner": "nix-community",
        "repo": "fenix",
        "type": "github"
      }
    },
    "fenix_4": {
      "inputs": {
        "nixpkgs": [
          "persona-router",
          "nixpkgs"
        ],
        "rust-analyzer-src": "rust-analyzer-src_4"
      },
      "locked": {
        "lastModified": 1778314245,
        "narHash": "sha256-a8p3JMunVzj0o86V9CNTyEFw7z4105QWl+bEz6Du8Jw=",
        "owner": "nix-community",
        "repo": "fenix",
        "rev": "f54d645218048a7abe226983a922cdaca63cd845",
        "type": "github"
      },
      "original": {
        "owner": "nix-community",
        "repo": "fenix",
        "type": "github"
      }
    },
    "fenix_5": {
      "inputs": {
        "nixpkgs": [
          "persona-terminal",
          "nixpkgs"
        ],
        "rust-analyzer-src": "rust-analyzer-src_5"
      },
      "locked": {
        "lastModified": 1777969788,
        "narHash": "sha256-8sr3w0KyQ0K7TEd8pYwYrxiDk0GZ4A7iIcl1lsxlzVM=",
        "owner": "nix-community",
        "repo": "fenix",
        "rev": "3abc2d5559f4dc30c710ab152abcb4cb60b561ba",
        "type": "github"
      },
      "original": {
        "owner": "nix-community",
        "repo": "fenix",
        "type": "github"
      }
    },
    "fenix_6": {
      "inputs": {
        "nixpkgs": [
          "signal-persona",
          "nixpkgs"
        ],
        "rust-analyzer-src": "rust-analyzer-src_6"
      },
      "locked": {
        "lastModified": 1778401511,
        "narHash": "sha256-QMHQy1xiNUug/xig3/BgZkNG/9t5HTOJsSd+376GIA8=",
        "owner": "nix-community",
        "repo": "fenix",
        "rev": "1f07645938873d7027855d2564faaac36c4ceb76",
        "type": "github"
      },
      "original": {
        "owner": "nix-community",
        "repo": "fenix",
        "type": "github"
      }
    },
    "fenix_7": {
      "inputs": {
        "nixpkgs": [
          "signal-persona-mind",
          "nixpkgs"
        ],
        "rust-analyzer-src": "rust-analyzer-src_7"
      },
      "locked": {
        "lastModified": 1778314245,
        "narHash": "sha256-a8p3JMunVzj0o86V9CNTyEFw7z4105QWl+bEz6Du8Jw=",
        "owner": "nix-community",
        "repo": "fenix",
        "rev": "f54d645218048a7abe226983a922cdaca63cd845",
        "type": "github"
      },
      "original": {
        "owner": "nix-community",
        "repo": "fenix",
        "type": "github"
      }
    },
    "flake-utils": {
      "inputs": {
        "systems": "systems"
      },
      "locked": {
        "lastModified": 1731533236,
        "narHash": "sha256-l0KFg5HjrsfsO/JpG+r7fRrqm12kzFHyUHqHCVpMMbI=",
        "owner": "numtide",
        "repo": "flake-utils",
        "rev": "11707dc2f618dd54ca8739b309ec4fc024de578b",
        "type": "github"
      },
      "original": {
        "owner": "numtide",
        "repo": "flake-utils",
        "type": "github"
      }
    },
    "flake-utils_10": {
      "inputs": {
        "systems": "systems_10"
      },
      "locked": {
        "lastModified": 1731533236,
        "narHash": "sha256-l0KFg5HjrsfsO/JpG+r7fRrqm12kzFHyUHqHCVpMMbI=",
        "owner": "numtide",
        "repo": "flake-utils",
        "rev": "11707dc2f618dd54ca8739b309ec4fc024de578b",
        "type": "github"
      },
      "original": {
        "owner": "numtide",
        "repo": "flake-utils",
        "type": "github"
      }
    },
    "flake-utils_2": {
      "inputs": {
        "systems": "systems_2"
      },
      "locked": {
        "lastModified": 1731533236,
        "narHash": "sha256-l0KFg5HjrsfsO/JpG+r7fRrqm12kzFHyUHqHCVpMMbI=",
        "owner": "numtide",
        "repo": "flake-utils",
        "rev": "11707dc2f618dd54ca8739b309ec4fc024de578b",
        "type": "github"
      },
      "original": {
        "owner": "numtide",
        "repo": "flake-utils",
        "type": "github"
      }
    },
    "flake-utils_3": {
      "inputs": {
        "systems": "systems_3"
      },
      "locked": {
        "lastModified": 1731533236,
        "narHash": "sha256-l0KFg5HjrsfsO/JpG+r7fRrqm12kzFHyUHqHCVpMMbI=",
        "owner": "numtide",
        "repo": "flake-utils",
        "rev": "11707dc2f618dd54ca8739b309ec4fc024de578b",
        "type": "github"
      },
      "original": {
        "owner": "numtide",
        "repo": "flake-utils",
        "type": "github"
      }
    },
    "flake-utils_4": {
      "inputs": {
        "systems": "systems_4"
      },
      "locked": {
        "lastModified": 1731533236,
        "narHash": "sha256-l0KFg5HjrsfsO/JpG+r7fRrqm12kzFHyUHqHCVpMMbI=",
        "owner": "numtide",
        "repo": "flake-utils",
        "rev": "11707dc2f618dd54ca8739b309ec4fc024de578b",
        "type": "github"
      },
      "original": {
        "owner": "numtide",
        "repo": "flake-utils",
        "type": "github"
      }
    },
    "flake-utils_5": {
      "inputs": {
        "systems": "systems_5"
      },
      "locked": {
        "lastModified": 1731533236,
        "narHash": "sha256-l0KFg5HjrsfsO/JpG+r7fRrqm12kzFHyUHqHCVpMMbI=",
        "owner": "numtide",
        "repo": "flake-utils",
        "rev": "11707dc2f618dd54ca8739b309ec4fc024de578b",
        "type": "github"
      },
      "original": {
        "owner": "numtide",
        "repo": "flake-utils",
        "type": "github"
      }
    },
    "flake-utils_6": {
      "inputs": {
        "systems": "systems_6"
      },
      "locked": {
        "lastModified": 1731533236,
        "narHash": "sha256-l0KFg5HjrsfsO/JpG+r7fRrqm12kzFHyUHqHCVpMMbI=",
        "owner": "numtide",
        "repo": "flake-utils",
        "rev": "11707dc2f618dd54ca8739b309ec4fc024de578b",
        "type": "github"
      },
      "original": {
        "owner": "numtide",
        "repo": "flake-utils",
        "type": "github"
      }
    },
    "flake-utils_7": {
      "inputs": {
        "systems": "systems_7"
      },
      "locked": {
        "lastModified": 1731533236,
        "narHash": "sha256-l0KFg5HjrsfsO/JpG+r7fRrqm12kzFHyUHqHCVpMMbI=",
        "owner": "numtide",
        "repo": "flake-utils",
        "rev": "11707dc2f618dd54ca8739b309ec4fc024de578b",
        "type": "github"
      },
      "original": {
        "owner": "numtide",
        "repo": "flake-utils",
        "type": "github"
      }
    },
    "flake-utils_8": {
      "inputs": {
        "systems": "systems_8"
      },
      "locked": {
        "lastModified": 1731533236,
        "narHash": "sha256-l0KFg5HjrsfsO/JpG+r7fRrqm12kzFHyUHqHCVpMMbI=",
        "owner": "numtide",
        "repo": "flake-utils",
        "rev": "11707dc2f618dd54ca8739b309ec4fc024de578b",
        "type": "github"
      },
      "original": {
        "owner": "numtide",
        "repo": "flake-utils",
        "type": "github"
      }
    },
    "flake-utils_9": {
      "inputs": {
        "systems": "systems_9"
      },
      "locked": {
        "lastModified": 1731533236,
        "narHash": "sha256-l0KFg5HjrsfsO/JpG+r7fRrqm12kzFHyUHqHCVpMMbI=",
        "owner": "numtide",
        "repo": "flake-utils",
        "rev": "11707dc2f618dd54ca8739b309ec4fc024de578b",
        "type": "github"
      },
      "original": {
        "owner": "numtide",
        "repo": "flake-utils",
        "type": "github"
      }
    },
    "nixpkgs": {
      "locked": {
        "lastModified": 1776877367,
        "narHash": "sha256-EHq1/OX139R1RvBzOJ0aMRT3xnWyqtHBRUBuO1gFzjI=",
        "owner": "LiGoldragon",
        "repo": "nixpkgs",
        "rev": "0726a0ecb6d4e08f6adced58726b95db924cef57",
        "type": "github"
      },
      "original": {
        "owner": "LiGoldragon",
        "ref": "main",
        "repo": "nixpkgs",
        "type": "github"
      }
    },
    "nixpkgs_2": {
      "locked": {
        "lastModified": 1776877367,
        "narHash": "sha256-EHq1/OX139R1RvBzOJ0aMRT3xnWyqtHBRUBuO1gFzjI=",
        "owner": "LiGoldragon",
        "repo": "nixpkgs",
        "rev": "0726a0ecb6d4e08f6adced58726b95db924cef57",
        "type": "github"
      },
      "original": {
        "owner": "LiGoldragon",
        "ref": "main",
        "repo": "nixpkgs",
        "type": "github"
      }
    },
    "nixpkgs_3": {
      "locked": {
        "lastModified": 1778274207,
        "narHash": "sha256-I4puXmX1iovcCHZlRmztO3vW0mAbbRvq4F8wgIMQ1MM=",
        "owner": "NixOS",
        "repo": "nixpkgs",
        "rev": "b3da656039dc7a6240f27b2ef8cc6a3ef3bccae7",
        "type": "github"
      },
      "original": {
        "owner": "NixOS",
        "ref": "nixpkgs-unstable",
        "repo": "nixpkgs",
        "type": "github"
      }
    },
    "nixpkgs_4": {
      "locked": {
        "lastModified": 1776877367,
        "narHash": "sha256-EHq1/OX139R1RvBzOJ0aMRT3xnWyqtHBRUBuO1gFzjI=",
        "owner": "LiGoldragon",
        "repo": "nixpkgs",
        "rev": "0726a0ecb6d4e08f6adced58726b95db924cef57",
        "type": "github"
      },
      "original": {
        "owner": "LiGoldragon",
        "ref": "main",
        "repo": "nixpkgs",
        "type": "github"
      }
    },
    "nixpkgs_5": {
      "locked": {
        "lastModified": 1776877367,
        "narHash": "sha256-EHq1/OX139R1RvBzOJ0aMRT3xnWyqtHBRUBuO1gFzjI=",
        "owner": "LiGoldragon",
        "repo": "nixpkgs",
        "rev": "0726a0ecb6d4e08f6adced58726b95db924cef57",
        "type": "github"
      },
      "original": {
        "owner": "LiGoldragon",
        "ref": "main",
        "repo": "nixpkgs",
        "type": "github"
      }
    },
    "nixpkgs_6": {
      "locked": {
        "lastModified": 1778274207,
        "narHash": "sha256-I4puXmX1iovcCHZlRmztO3vW0mAbbRvq4F8wgIMQ1MM=",
        "owner": "NixOS",
        "repo": "nixpkgs",
        "rev": "b3da656039dc7a6240f27b2ef8cc6a3ef3bccae7",
        "type": "github"
      },
      "original": {
        "owner": "NixOS",
        "ref": "nixpkgs-unstable",
        "repo": "nixpkgs",
        "type": "github"
      }
    },
    "nixpkgs_7": {
      "locked": {
        "lastModified": 1778124196,
        "narHash": "sha256-pYEytCNic/czazbV9r3tbQ6BZzqRBg/41x2dIC5ymOo=",
        "owner": "NixOS",
        "repo": "nixpkgs",
        "rev": "68a8af93ff4297686cb68880845e61e5e2e41d92",
        "type": "github"
      },
      "original": {
        "owner": "NixOS",
        "ref": "nixpkgs-unstable",
        "repo": "nixpkgs",
        "type": "github"
      }
    },
    "owner-signal-persona-terminal": {
      "inputs": {
        "crane": [
          "crane"
        ],
        "fenix": [
          "fenix"
        ],
        "flake-utils": "flake-utils",
        "nixpkgs": [
          "nixpkgs"
        ]
      },
      "locked": {
        "lastModified": 1779053382,
        "narHash": "sha256-nt2MAG+EkYBbG1QNQV5cTBzb15LLMuXBDatkiztjWPc=",
        "owner": "LiGoldragon",
        "repo": "owner-signal-persona-terminal",
        "rev": "9753806fdcb43c62bb863e5094b7347dfa79bd41",
        "type": "github"
      },
      "original": {
        "owner": "LiGoldragon",
        "repo": "owner-signal-persona-terminal",
        "type": "github"
      }
    },
    "persona-harness": {
      "inputs": {
        "crane": [
          "crane"
        ],
        "fenix": [
          "fenix"
        ],
        "nixpkgs": [
          "nixpkgs"
        ]
      },
      "locked": {
        "lastModified": 1779537348,
        "narHash": "sha256-tGRxj0lyzFfwKPJJlHSNyNv3sfp9VLL8dKvL2Jo8T7E=",
        "ref": "refs/heads/main",
        "rev": "a850d3585d3aaf37b8b1667ecce326bda3f75245",
        "revCount": 41,
        "type": "git",
        "url": "https://github.com/LiGoldragon/persona-harness.git"
      },
      "original": {
        "owner": "LiGoldragon",
        "repo": "persona-harness",
        "type": "github"
      }
    },
    "persona-introspect": {
      "inputs": {
        "crane": [
          "crane"
        ],
        "fenix": [
          "fenix"
        ],
        "flake-utils": "flake-utils_2",
        "nixpkgs": [
          "nixpkgs"
        ]
      },
      "locked": {
        "lastModified": 1779536893,
        "narHash": "sha256-CdYhg/mYJJrYgLlRY6yCFmH5SwCb1tab6aW6Y6m47Sg=",
        "ref": "refs/heads/main",
        "rev": "e247c36affe0c675921e804d31dfc25c4873ad9a",
        "revCount": 25,
        "type": "git",
        "url": "https://github.com/LiGoldragon/persona-introspect.git"
      },
      "original": {
        "owner": "LiGoldragon",
        "repo": "persona-introspect",
        "type": "github"
      }
    },
    "persona-message": {
      "inputs": {
        "crane": "crane_2",
        "fenix": "fenix_2",
        "nixpkgs": "nixpkgs_2"
      },
      "locked": {
        "lastModified": 1779536893,
        "narHash": "sha256-BKC//81AlVBXXYMvshEEIMqBWBqW/wyr4elUFgYiw2E=",
        "ref": "refs/heads/main",
        "rev": "c15b1f1879d207b394e77d936d04bc023e3a66f2",
        "revCount": 55,
        "type": "git",
        "url": "https://github.com/LiGoldragon/persona-message.git"
      },
      "original": {
        "owner": "LiGoldragon",
        "repo": "persona-message",
        "type": "github"
      }
    },
    "persona-mind": {
      "inputs": {
        "crane": "crane_3",
        "fenix": "fenix_3",
        "flake-utils": "flake-utils_3",
        "nixpkgs": "nixpkgs_3"
      },
      "locked": {
        "lastModified": 1779537304,
        "narHash": "sha256-qRWyxotBVcfctBOzAuiEg3DvUTJiEtVFjgE+wxaWwGw=",
        "ref": "refs/heads/main",
        "rev": "b0aa0a4e2f4ee0f58b064ba5a1ba20166855d741",
        "revCount": 79,
        "type": "git",
        "url": "https://github.com/LiGoldragon/persona-mind.git"
      },
      "original": {
        "owner": "LiGoldragon",
        "repo": "persona-mind",
        "type": "github"
      }
    },
    "persona-orchestrate": {
      "inputs": {
        "crane": [
          "crane"
        ],
        "fenix": [
          "fenix"
        ],
        "flake-utils": "flake-utils_4",
        "nixpkgs": [
          "nixpkgs"
        ]
      },
      "locked": {
        "lastModified": 1779124283,
        "narHash": "sha256-NlJZDIRQM7x2Ept8vEGY5k0jE8PYOM1COBNjtKLQVfk=",
        "owner": "LiGoldragon",
        "repo": "persona-orchestrate",
        "rev": "be5dfa2a3e1ad05ea63c4314d023e348ae7be23b",
        "type": "github"
      },
      "original": {
        "owner": "LiGoldragon",
        "repo": "persona-orchestrate",
        "type": "github"
      }
    },
    "persona-router": {
      "inputs": {
        "crane": "crane_4",
        "fenix": "fenix_4",
        "nixpkgs": "nixpkgs_4"
      },
      "locked": {
        "lastModified": 1779536893,
        "narHash": "sha256-toqdyZvxCQVbw8d8t+IzbA9Bd/jZFVGoWOdABJueDSI=",
        "ref": "refs/heads/main",
        "rev": "e3161f8fd6b2b837e8ce7ce84fa042d80524a68c",
        "revCount": 71,
        "type": "git",
        "url": "https://github.com/LiGoldragon/persona-router.git"
      },
      "original": {
        "owner": "LiGoldragon",
        "repo": "persona-router",
        "type": "github"
      }
    },
    "persona-spirit": {
      "inputs": {
        "crane": [
          "crane"
        ],
        "fenix": [
          "fenix"
        ],
        "flake-utils": "flake-utils_5",
        "nixpkgs": [
          "nixpkgs"
        ]
      },
      "locked": {
        "lastModified": 1779528677,
        "narHash": "sha256-nz4XkiuNyhaakf38OHAKqNyTtITpLuiuICbZvsHrS5c=",
        "ref": "refs/heads/main",
        "rev": "85f6e9bcfad56f0823a2a0fe0bd5db104099b69f",
        "revCount": 60,
        "type": "git",
        "url": "https://github.com/LiGoldragon/persona-spirit.git"
      },
      "original": {
        "owner": "LiGoldragon",
        "repo": "persona-spirit",
        "type": "github"
      }
    },
    "persona-system": {
      "inputs": {
        "crane": [
          "crane"
        ],
        "fenix": [
          "fenix"
        ],
        "nixpkgs": [
          "nixpkgs"
        ]
      },
      "locked": {
        "lastModified": 1779537304,
        "narHash": "sha256-PrQx8We1zm4PhkChEEu0gI0kVdrO5T4tu5zHDidQ9Os=",
        "ref": "refs/heads/main",
        "rev": "512e5d073c997606c44d1427245eea4c7e306a0c",
        "revCount": 34,
        "type": "git",
        "url": "https://github.com/LiGoldragon/persona-system.git"
      },
      "original": {
        "owner": "LiGoldragon",
        "repo": "persona-system",
        "type": "github"
      }
    },
    "persona-terminal": {
      "inputs": {
        "crane": "crane_5",
        "fenix": "fenix_5",
        "nixpkgs": "nixpkgs_5"
      },
      "locked": {
        "lastModified": 1779537304,
        "narHash": "sha256-uxzAdFXPup1Fz8WweTXnYDLGuXPs4tBVDUr8pjmjqQY=",
        "ref": "refs/heads/main",
        "rev": "6ba0b602f93ca7cb91b8a7d8002e6df3acdd09b5",
        "revCount": 51,
        "type": "git",
        "url": "https://github.com/LiGoldragon/persona-terminal.git"
      },
      "original": {
        "owner": "LiGoldragon",
        "repo": "persona-terminal",
        "type": "github"
      }
    },
    "root": {
      "inputs": {
        "crane": "crane",
        "fenix": "fenix",
        "nixpkgs": "nixpkgs",
        "owner-signal-persona-terminal": "owner-signal-persona-terminal",
        "persona-harness": "persona-harness",
        "persona-introspect": "persona-introspect",
        "persona-message": "persona-message",
        "persona-mind": "persona-mind",
        "persona-orchestrate": "persona-orchestrate",
        "persona-router": "persona-router",
        "persona-spirit": "persona-spirit",
        "persona-system": "persona-system",
        "persona-terminal": "persona-terminal",
        "signal-persona": "signal-persona",
        "signal-persona-mind": "signal-persona-mind",
        "signal-persona-orchestrate": "signal-persona-orchestrate",
        "signal-persona-system": "signal-persona-system",
        "signal-persona-terminal": "signal-persona-terminal",
        "terminal-cell": "terminal-cell"
      }
    },
    "rust-analyzer-src": {
      "flake": false,
      "locked": {
        "lastModified": 1777924689,
        "narHash": "sha256-9Z0puLyCSYvtYhP1IZMxC05DSgwA+5rE99jsv1KErc4=",
        "owner": "rust-lang",
        "repo": "rust-analyzer",
        "rev": "91c7c2c4ca6a0520cfbf97e369e4fb7bf0b63b7a",
        "type": "github"
      },
      "original": {
        "owner": "rust-lang",
        "ref": "nightly",
        "repo": "rust-analyzer",
        "type": "github"
      }
    },
    "rust-analyzer-src_2": {
      "flake": false,
      "locked": {
        "lastModified": 1777924689,
        "narHash": "sha256-9Z0puLyCSYvtYhP1IZMxC05DSgwA+5rE99jsv1KErc4=",
        "owner": "rust-lang",
        "repo": "rust-analyzer",
        "rev": "91c7c2c4ca6a0520cfbf97e369e4fb7bf0b63b7a",
        "type": "github"
      },
      "original": {
        "owner": "rust-lang",
        "ref": "nightly",
        "repo": "rust-analyzer",
        "type": "github"
      }
    },
    "rust-analyzer-src_3": {
      "flake": false,
      "locked": {
        "lastModified": 1778246258,
        "narHash": "sha256-RUZuOfzouSaK/VjcOCU/P5Nb3EhpM8qGnIcHWIIo4Sw=",
        "owner": "rust-lang",
        "repo": "rust-analyzer",
        "rev": "73ca1d4ef136e2367627d698f00db94882b49440",
        "type": "github"
      },
      "original": {
        "owner": "rust-lang",
        "ref": "nightly",
        "repo": "rust-analyzer",
        "type": "github"
      }
    },
    "rust-analyzer-src_4": {
      "flake": false,
      "locked": {
        "lastModified": 1778246258,
        "narHash": "sha256-RUZuOfzouSaK/VjcOCU/P5Nb3EhpM8qGnIcHWIIo4Sw=",
        "owner": "rust-lang",
        "repo": "rust-analyzer",
        "rev": "73ca1d4ef136e2367627d698f00db94882b49440",
        "type": "github"
      },
      "original": {
        "owner": "rust-lang",
        "ref": "nightly",
        "repo": "rust-analyzer",
        "type": "github"
      }
    },
    "rust-analyzer-src_5": {
      "flake": false,
      "locked": {
        "lastModified": 1777924689,
        "narHash": "sha256-9Z0puLyCSYvtYhP1IZMxC05DSgwA+5rE99jsv1KErc4=",
        "owner": "rust-lang",
        "repo": "rust-analyzer",
        "rev": "91c7c2c4ca6a0520cfbf97e369e4fb7bf0b63b7a",
        "type": "github"
      },
      "original": {
        "owner": "rust-lang",
        "ref": "nightly",
        "repo": "rust-analyzer",
        "type": "github"
      }
    },
    "rust-analyzer-src_6": {
      "flake": false,
      "locked": {
        "lastModified": 1778369049,
        "narHash": "sha256-HvNEoAqcd7+VNyesjsy32pFjKdADd5dpTn4iV2teKDY=",
        "owner": "rust-lang",
        "repo": "rust-analyzer",
        "rev": "e708e55b949b9c1a181d77b6fe62ab4e5b141526",
        "type": "github"
      },
      "original": {
        "owner": "rust-lang",
        "ref": "nightly",
        "repo": "rust-analyzer",
        "type": "github"
      }
    },
    "rust-analyzer-src_7": {
      "flake": false,
      "locked": {
        "lastModified": 1778246258,
        "narHash": "sha256-RUZuOfzouSaK/VjcOCU/P5Nb3EhpM8qGnIcHWIIo4Sw=",
        "owner": "rust-lang",
        "repo": "rust-analyzer",
        "rev": "73ca1d4ef136e2367627d698f00db94882b49440",
        "type": "github"
      },
      "original": {
        "owner": "rust-lang",
        "ref": "nightly",
        "repo": "rust-analyzer",
        "type": "github"
      }
    },
    "signal-persona": {
      "inputs": {
        "crane": "crane_6",
        "fenix": "fenix_6",
        "flake-utils": "flake-utils_6",
        "nixpkgs": "nixpkgs_6"
      },
      "locked": {
        "lastModified": 1779527527,
        "narHash": "sha256-WMySVu1NSDC073wzmUJTnuygbSbvhle86N4m6Pw71WE=",
        "ref": "refs/heads/main",
        "rev": "4e6d22b3a000cc461a441f157fb87bcedd685470",
        "revCount": 60,
        "type": "git",
        "url": "https://github.com/LiGoldragon/signal-persona.git"
      },
      "original": {
        "owner": "LiGoldragon",
        "repo": "signal-persona",
        "type": "github"
      }
    },
    "signal-persona-mind": {
      "inputs": {
        "crane": "crane_7",
        "fenix": "fenix_7",
        "flake-utils": "flake-utils_7",
        "nixpkgs": "nixpkgs_7"
      },
      "locked": {
        "lastModified": 1779536255,
        "narHash": "sha256-/EMRnBsJpoiYQaFJ/4fdTuywkRT9uTotdKgk5SLFdBg=",
        "ref": "refs/heads/main",
        "rev": "e0397520b6a8fd18cf7ac2c1fdac08bfed21d52b",
        "revCount": 54,
        "type": "git",
        "url": "https://github.com/LiGoldragon/signal-persona-mind.git"
      },
      "original": {
        "owner": "LiGoldragon",
        "repo": "signal-persona-mind",
        "type": "github"
      }
    },
    "signal-persona-orchestrate": {
      "inputs": {
        "crane": [
          "crane"
        ],
        "fenix": [
          "fenix"
        ],
        "flake-utils": "flake-utils_8",
        "nixpkgs": [
          "nixpkgs"
        ]
      },
      "locked": {
        "lastModified": 1779124207,
        "narHash": "sha256-Ij0Z7sOMMn07kngsE2sXTWJIsuRYfMiY4aR+F9uHepI=",
        "owner": "LiGoldragon",
        "repo": "signal-persona-orchestrate",
        "rev": "0251c8881a0f014c5bdf8ce7cef092112a4ba697",
        "type": "github"
      },
      "original": {
        "owner": "LiGoldragon",
        "repo": "signal-persona-orchestrate",
        "type": "github"
      }
    },
    "signal-persona-system": {
      "inputs": {
        "crane": [
          "crane"
        ],
        "fenix": [
          "fenix"
        ],
        "flake-utils": "flake-utils_9",
        "nixpkgs": [
          "nixpkgs"
        ]
      },
      "locked": {
        "lastModified": 1779536419,
        "narHash": "sha256-RcTLJ+zSrhY1Inieb0eL8L1+XEj3/pdv5yYHoaEE+Z8=",
        "ref": "refs/heads/main",
        "rev": "e2244170ab24f7746e404e3744206758c34eb79e",
        "revCount": 34,
        "type": "git",
        "url": "https://github.com/LiGoldragon/signal-persona-system.git"
      },
      "original": {
        "owner": "LiGoldragon",
        "repo": "signal-persona-system",
        "type": "github"
      }
    },
    "signal-persona-terminal": {
      "inputs": {
        "crane": [
          "crane"
        ],
        "fenix": [
          "fenix"
        ],
        "flake-utils": "flake-utils_10",
        "nixpkgs": [
          "nixpkgs"
        ]
      },
      "locked": {
        "lastModified": 1779536419,
        "narHash": "sha256-xQBW5Dk3opMpqnV/QDATGwKrstXLQLfeuUAXBUcfI/M=",
        "ref": "refs/heads/main",
        "rev": "db6e9cd15c483213f1223d9eb21f1643ee724d57",
        "revCount": 39,
        "type": "git",
        "url": "https://github.com/LiGoldragon/signal-persona-terminal.git"
      },
      "original": {
        "owner": "LiGoldragon",
        "repo": "signal-persona-terminal",
        "type": "github"
      }
    },
    "systems": {
      "locked": {
        "lastModified": 1681028828,
        "narHash": "sha256-Vy1rq5AaRuLzOxct8nz4T6wlgyUR7zLU309k9mBC768=",
        "owner": "nix-systems",
        "repo": "default",
        "rev": "da67096a3b9bf56a91d16901293e51ba5b49a27e",
        "type": "github"
      },
      "original": {
        "owner": "nix-systems",
        "repo": "default",
        "type": "github"
      }
    },
    "systems_10": {
      "locked": {
        "lastModified": 1681028828,
        "narHash": "sha256-Vy1rq5AaRuLzOxct8nz4T6wlgyUR7zLU309k9mBC768=",
        "owner": "nix-systems",
        "repo": "default",
        "rev": "da67096a3b9bf56a91d16901293e51ba5b49a27e",
        "type": "github"
      },
      "original": {
        "owner": "nix-systems",
        "repo": "default",
        "type": "github"
      }
    },
    "systems_2": {
      "locked": {
        "lastModified": 1681028828,
        "narHash": "sha256-Vy1rq5AaRuLzOxct8nz4T6wlgyUR7zLU309k9mBC768=",
        "owner": "nix-systems",
        "repo": "default",
        "rev": "da67096a3b9bf56a91d16901293e51ba5b49a27e",
        "type": "github"
      },
      "original": {
        "owner": "nix-systems",
        "repo": "default",
        "type": "github"
      }
    },
    "systems_3": {
      "locked": {
        "lastModified": 1681028828,
        "narHash": "sha256-Vy1rq5AaRuLzOxct8nz4T6wlgyUR7zLU309k9mBC768=",
        "owner": "nix-systems",
        "repo": "default",
        "rev": "da67096a3b9bf56a91d16901293e51ba5b49a27e",
        "type": "github"
      },
      "original": {
        "owner": "nix-systems",
        "repo": "default",
        "type": "github"
      }
    },
    "systems_4": {
      "locked": {
        "lastModified": 1681028828,
        "narHash": "sha256-Vy1rq5AaRuLzOxct8nz4T6wlgyUR7zLU309k9mBC768=",
        "owner": "nix-systems",
        "repo": "default",
        "rev": "da67096a3b9bf56a91d16901293e51ba5b49a27e",
        "type": "github"
      },
      "original": {
        "owner": "nix-systems",
        "repo": "default",
        "type": "github"
      }
    },
    "systems_5": {
      "locked": {
        "lastModified": 1681028828,
        "narHash": "sha256-Vy1rq5AaRuLzOxct8nz4T6wlgyUR7zLU309k9mBC768=",
        "owner": "nix-systems",
        "repo": "default",
        "rev": "da67096a3b9bf56a91d16901293e51ba5b49a27e",
        "type": "github"
      },
      "original": {
        "owner": "nix-systems",
        "repo": "default",
        "type": "github"
      }
    },
    "systems_6": {
      "locked": {
        "lastModified": 1681028828,
        "narHash": "sha256-Vy1rq5AaRuLzOxct8nz4T6wlgyUR7zLU309k9mBC768=",
        "owner": "nix-systems",
        "repo": "default",
        "rev": "da67096a3b9bf56a91d16901293e51ba5b49a27e",
        "type": "github"
      },
      "original": {
        "owner": "nix-systems",
        "repo": "default",
        "type": "github"
      }
    },
    "systems_7": {
      "locked": {
        "lastModified": 1681028828,
        "narHash": "sha256-Vy1rq5AaRuLzOxct8nz4T6wlgyUR7zLU309k9mBC768=",
        "owner": "nix-systems",
        "repo": "default",
        "rev": "da67096a3b9bf56a91d16901293e51ba5b49a27e",
        "type": "github"
      },
      "original": {
        "owner": "nix-systems",
        "repo": "default",
        "type": "github"
      }
    },
    "systems_8": {
      "locked": {
        "lastModified": 1681028828,
        "narHash": "sha256-Vy1rq5AaRuLzOxct8nz4T6wlgyUR7zLU309k9mBC768=",
        "owner": "nix-systems",
        "repo": "default",
        "rev": "da67096a3b9bf56a91d16901293e51ba5b49a27e",
        "type": "github"
      },
      "original": {
        "owner": "nix-systems",
        "repo": "default",
        "type": "github"
      }
    },
    "systems_9": {
      "locked": {
        "lastModified": 1681028828,
        "narHash": "sha256-Vy1rq5AaRuLzOxct8nz4T6wlgyUR7zLU309k9mBC768=",
        "owner": "nix-systems",
        "repo": "default",
        "rev": "da67096a3b9bf56a91d16901293e51ba5b49a27e",
        "type": "github"
      },
      "original": {
        "owner": "nix-systems",
        "repo": "default",
        "type": "github"
      }
    },
    "terminal-cell": {
      "flake": false,
      "locked": {
        "lastModified": 1779501276,
        "narHash": "sha256-L5nQgxjOngvi96zREfDLBfhgNSBJhTLkRXtNQGa1sag=",
        "owner": "LiGoldragon",
        "repo": "terminal-cell",
        "rev": "e3de18b1b1adb87168a6454a7ce1f0c8544b67d4",
        "type": "github"
      },
      "original": {
        "owner": "LiGoldragon",
        "repo": "terminal-cell",
        "type": "github"
      }
    }
  },
  "root": "root",
  "version": 7
}
